// !$*UTF8*$!
{
	archiveVersion = 1;
	classes = {
	};
	objectVersion = 46;
	objects = {

/* Begin PBXBuildFile section */
		1AC6FB21180E996B004C840B /* libcocos2d Mac.a in Frameworks */ = {isa = PBXBuildFile; fileRef = 1AC6FAF9180E9839004C840B /* libcocos2d Mac.a */; };
		1AC6FB30180E99EB004C840B /* libcocos2d iOS.a in Frameworks */ = {isa = PBXBuildFile; fileRef = 1AC6FB07180E9839004C840B /* libcocos2d iOS.a */; };
		1D60589F0D05DD5A006BFB54 /* Foundation.framework in Frameworks */ = {isa = PBXBuildFile; fileRef = 1D30AB110D05D00D00671497 /* Foundation.framework */; };
		1DF5F4E00D08C38300B7A737 /* UIKit.framework in Frameworks */ = {isa = PBXBuildFile; fileRef = 1DF5F4DF0D08C38300B7A737 /* UIKit.framework */; };
		288765A50DF7441C002DB57D /* CoreGraphics.framework in Frameworks */ = {isa = PBXBuildFile; fileRef = 288765A40DF7441C002DB57D /* CoreGraphics.framework */; };
		3EACC98F19EE6D4300EB3C5E /* res in Resources */ = {isa = PBXBuildFile; fileRef = 3EACC98E19EE6D4300EB3C5E /* res */; };
		3EACC99019EE6D4300EB3C5E /* res in Resources */ = {isa = PBXBuildFile; fileRef = 3EACC98E19EE6D4300EB3C5E /* res */; };
		46880B7B19C43A67006E1F66 /* CloseNormal.png in Resources */ = {isa = PBXBuildFile; fileRef = 46880B7619C43A67006E1F66 /* CloseNormal.png */; };
		46880B7C19C43A67006E1F66 /* CloseNormal.png in Resources */ = {isa = PBXBuildFile; fileRef = 46880B7619C43A67006E1F66 /* CloseNormal.png */; };
		46880B7D19C43A67006E1F66 /* CloseSelected.png in Resources */ = {isa = PBXBuildFile; fileRef = 46880B7719C43A67006E1F66 /* CloseSelected.png */; };
		46880B7E19C43A67006E1F66 /* CloseSelected.png in Resources */ = {isa = PBXBuildFile; fileRef = 46880B7719C43A67006E1F66 /* CloseSelected.png */; };
		46880B8119C43A67006E1F66 /* HelloWorld.png in Resources */ = {isa = PBXBuildFile; fileRef = 46880B7A19C43A67006E1F66 /* HelloWorld.png */; };
		46880B8219C43A67006E1F66 /* HelloWorld.png in Resources */ = {isa = PBXBuildFile; fileRef = 46880B7A19C43A67006E1F66 /* HelloWorld.png */; };
		46880B8819C43A87006E1F66 /* AppDelegate.cpp in Sources */ = {isa = PBXBuildFile; fileRef = 46880B8419C43A87006E1F66 /* AppDelegate.cpp */; };
		46880B8919C43A87006E1F66 /* AppDelegate.cpp in Sources */ = {isa = PBXBuildFile; fileRef = 46880B8419C43A87006E1F66 /* AppDelegate.cpp */; };
		503AE0F817EB97AB00D1A890 /* Icon.icns in Resources */ = {isa = PBXBuildFile; fileRef = 503AE0F617EB97AB00D1A890 /* Icon.icns */; };
		503AE10017EB989F00D1A890 /* AppController.mm in Sources */ = {isa = PBXBuildFile; fileRef = 503AE0FB17EB989F00D1A890 /* AppController.mm */; };
		503AE10117EB989F00D1A890 /* main.m in Sources */ = {isa = PBXBuildFile; fileRef = 503AE0FC17EB989F00D1A890 /* main.m */; };
		503AE10217EB989F00D1A890 /* RootViewController.mm in Sources */ = {isa = PBXBuildFile; fileRef = 503AE0FF17EB989F00D1A890 /* RootViewController.mm */; };
		503AE10517EB98FF00D1A890 /* main.cpp in Sources */ = {isa = PBXBuildFile; fileRef = 503AE10317EB98FF00D1A890 /* main.cpp */; };
		503AE11217EB99EE00D1A890 /* libcurl.dylib in Frameworks */ = {isa = PBXBuildFile; fileRef = 503AE11117EB99EE00D1A890 /* libcurl.dylib */; };
		503AE11B17EB9C5A00D1A890 /* IOKit.framework in Frameworks */ = {isa = PBXBuildFile; fileRef = 503AE11A17EB9C5A00D1A890 /* IOKit.framework */; };
		5087E76317EB910900C73F5D /* Foundation.framework in Frameworks */ = {isa = PBXBuildFile; fileRef = 1D30AB110D05D00D00671497 /* Foundation.framework */; };
		5087E76717EB910900C73F5D /* libz.dylib in Frameworks */ = {isa = PBXBuildFile; fileRef = BF170DB412928DE900B8313A /* libz.dylib */; };
		5087E76817EB910900C73F5D /* QuartzCore.framework in Frameworks */ = {isa = PBXBuildFile; fileRef = BF1C47EA1293683800B63C5D /* QuartzCore.framework */; };
		5087E76917EB910900C73F5D /* OpenAL.framework in Frameworks */ = {isa = PBXBuildFile; fileRef = D44C620B132DFF330009C878 /* OpenAL.framework */; };
		5087E76A17EB910900C73F5D /* AVFoundation.framework in Frameworks */ = {isa = PBXBuildFile; fileRef = D44C620D132DFF430009C878 /* AVFoundation.framework */; };
		5087E76B17EB910900C73F5D /* AudioToolbox.framework in Frameworks */ = {isa = PBXBuildFile; fileRef = D44C620F132DFF4E0009C878 /* AudioToolbox.framework */; };
		5087E77D17EB970100C73F5D /* Default-568h@2x.png in Resources */ = {isa = PBXBuildFile; fileRef = 5087E77217EB970100C73F5D /* Default-568h@2x.png */; };
		5087E77E17EB970100C73F5D /* Default.png in Resources */ = {isa = PBXBuildFile; fileRef = 5087E77317EB970100C73F5D /* Default.png */; };
		5087E77F17EB970100C73F5D /* Default@2x.png in Resources */ = {isa = PBXBuildFile; fileRef = 5087E77417EB970100C73F5D /* Default@2x.png */; };
		5087E78017EB970100C73F5D /* Icon-114.png in Resources */ = {isa = PBXBuildFile; fileRef = 5087E77517EB970100C73F5D /* Icon-114.png */; };
		5087E78117EB970100C73F5D /* Icon-120.png in Resources */ = {isa = PBXBuildFile; fileRef = 5087E77617EB970100C73F5D /* Icon-120.png */; };
		5087E78217EB970100C73F5D /* Icon-144.png in Resources */ = {isa = PBXBuildFile; fileRef = 5087E77717EB970100C73F5D /* Icon-144.png */; };
		5087E78317EB970100C73F5D /* Icon-152.png in Resources */ = {isa = PBXBuildFile; fileRef = 5087E77817EB970100C73F5D /* Icon-152.png */; };
		5087E78417EB970100C73F5D /* Icon-57.png in Resources */ = {isa = PBXBuildFile; fileRef = 5087E77917EB970100C73F5D /* Icon-57.png */; };
		5087E78517EB970100C73F5D /* Icon-72.png in Resources */ = {isa = PBXBuildFile; fileRef = 5087E77A17EB970100C73F5D /* Icon-72.png */; };
		5087E78617EB970100C73F5D /* Icon-76.png in Resources */ = {isa = PBXBuildFile; fileRef = 5087E77B17EB970100C73F5D /* Icon-76.png */; };
		5087E78917EB974C00C73F5D /* AppKit.framework in Frameworks */ = {isa = PBXBuildFile; fileRef = 5087E78817EB974C00C73F5D /* AppKit.framework */; };
		5087E78B17EB975400C73F5D /* OpenGL.framework in Frameworks */ = {isa = PBXBuildFile; fileRef = 5087E78A17EB975400C73F5D /* OpenGL.framework */; };
		50EF629617ECD46A001EB2F8 /* Icon-40.png in Resources */ = {isa = PBXBuildFile; fileRef = 50EF629217ECD46A001EB2F8 /* Icon-40.png */; };
		50EF629717ECD46A001EB2F8 /* Icon-58.png in Resources */ = {isa = PBXBuildFile; fileRef = 50EF629317ECD46A001EB2F8 /* Icon-58.png */; };
		50EF629817ECD46A001EB2F8 /* Icon-80.png in Resources */ = {isa = PBXBuildFile; fileRef = 50EF629417ECD46A001EB2F8 /* Icon-80.png */; };
		50EF629917ECD46A001EB2F8 /* Icon-100.png in Resources */ = {isa = PBXBuildFile; fileRef = 50EF629517ECD46A001EB2F8 /* Icon-100.png */; };
		50EF62A217ECD613001EB2F8 /* Icon-29.png in Resources */ = {isa = PBXBuildFile; fileRef = 50EF62A017ECD613001EB2F8 /* Icon-29.png */; };
		50EF62A317ECD613001EB2F8 /* Icon-50.png in Resources */ = {isa = PBXBuildFile; fileRef = 50EF62A117ECD613001EB2F8 /* Icon-50.png */; };
		521A8E6419F0C34300D177D7 /* Default-667h@2x.png in Resources */ = {isa = PBXBuildFile; fileRef = 521A8E6219F0C34300D177D7 /* Default-667h@2x.png */; };
		521A8E6519F0C34300D177D7 /* Default-736h@3x.png in Resources */ = {isa = PBXBuildFile; fileRef = 521A8E6319F0C34300D177D7 /* Default-736h@3x.png */; };
		521A8EA919F11F5000D177D7 /* fonts in Resources */ = {isa = PBXBuildFile; fileRef = 521A8EA819F11F5000D177D7 /* fonts */; };
		521A8EAA19F11F5000D177D7 /* fonts in Resources */ = {isa = PBXBuildFile; fileRef = 521A8EA819F11F5000D177D7 /* fonts */; };
		5DCDB9411A529B6500F8339D /* ResponseScene.cpp in Sources */ = {isa = PBXBuildFile; fileRef = 5DCDB93F1A529B6500F8339D /* ResponseScene.cpp */; };
		5DCDB9E31A529BAD00F8339D /* App42HttpClient.cpp in Sources */ = {isa = PBXBuildFile; fileRef = 5DCDB9441A529BAC00F8339D /* App42HttpClient.cpp */; };
		5DCDB9E41A529BAD00F8339D /* App42AvatarResponse.cpp in Sources */ = {isa = PBXBuildFile; fileRef = 5DCDB9491A529BAC00F8339D /* App42AvatarResponse.cpp */; };
		5DCDB9E51A529BAD00F8339D /* AvatarService.cpp in Sources */ = {isa = PBXBuildFile; fileRef = 5DCDB94B1A529BAC00F8339D /* AvatarService.cpp */; };
		5DCDB9E61A529BAD00F8339D /* App42BuddyResponse.cpp in Sources */ = {isa = PBXBuildFile; fileRef = 5DCDB94E1A529BAC00F8339D /* App42BuddyResponse.cpp */; };
		5DCDB9E71A529BAD00F8339D /* BuddyService.cpp in Sources */ = {isa = PBXBuildFile; fileRef = 5DCDB9501A529BAC00F8339D /* BuddyService.cpp */; };
		5DCDB9E81A529BAD00F8339D /* cJSON.cpp in Sources */ = {isa = PBXBuildFile; fileRef = 5DCDB9531A529BAC00F8339D /* cJSON.cpp */; };
		5DCDB9E91A529BAD00F8339D /* ACL.cpp in Sources */ = {isa = PBXBuildFile; fileRef = 5DCDB9561A529BAC00F8339D /* ACL.cpp */; };
		5DCDB9EA1A529BAD00F8339D /* App42API.cpp in Sources */ = {isa = PBXBuildFile; fileRef = 5DCDB9581A529BAC00F8339D /* App42API.cpp */; };
		5DCDB9EB1A529BAD00F8339D /* App42Exception.cpp in Sources */ = {isa = PBXBuildFile; fileRef = 5DCDB95C1A529BAC00F8339D /* App42Exception.cpp */; };
		5DCDB9EC1A529BAD00F8339D /* App42GeoPoint.cpp in Sources */ = {isa = PBXBuildFile; fileRef = 5DCDB95E1A529BAC00F8339D /* App42GeoPoint.cpp */; };
		5DCDB9ED1A529BAD00F8339D /* App42Object.cpp in Sources */ = {isa = PBXBuildFile; fileRef = 5DCDB9601A529BAC00F8339D /* App42Object.cpp */; };
		5DCDB9EE1A529BAD00F8339D /* App42Response.cpp in Sources */ = {isa = PBXBuildFile; fileRef = 5DCDB9621A529BAC00F8339D /* App42Response.cpp */; };
		5DCDB9EF1A529BAD00F8339D /* App42Service.cpp in Sources */ = {isa = PBXBuildFile; fileRef = 5DCDB9641A529BAC00F8339D /* App42Service.cpp */; };
		5DCDB9F01A529BAD00F8339D /* JSONDocument.cpp in Sources */ = {isa = PBXBuildFile; fileRef = 5DCDB9661A529BAC00F8339D /* JSONDocument.cpp */; };
		5DCDB9F11A529BAD00F8339D /* MetaResponse.cpp in Sources */ = {isa = PBXBuildFile; fileRef = 5DCDB9681A529BAC00F8339D /* MetaResponse.cpp */; };
		5DCDB9F21A529BAD00F8339D /* app42base64.cpp in Sources */ = {isa = PBXBuildFile; fileRef = 5DCDB96B1A529BAC00F8339D /* app42base64.cpp */; };
		5DCDB9F31A529BAD00F8339D /* HMAC_SHA1.cpp in Sources */ = {isa = PBXBuildFile; fileRef = 5DCDB96D1A529BAC00F8339D /* HMAC_SHA1.cpp */; };
		5DCDB9F41A529BAD00F8339D /* SHA1.cpp in Sources */ = {isa = PBXBuildFile; fileRef = 5DCDB96F1A529BAC00F8339D /* SHA1.cpp */; };
		5DCDB9F51A529BAD00F8339D /* urlencode.cpp in Sources */ = {isa = PBXBuildFile; fileRef = 5DCDB9711A529BAC00F8339D /* urlencode.cpp */; };
		5DCDB9F61A529BAD00F8339D /* App42CustomCodeResponse.cpp in Sources */ = {isa = PBXBuildFile; fileRef = 5DCDB9741A529BAC00F8339D /* App42CustomCodeResponse.cpp */; };
		5DCDB9F71A529BAD00F8339D /* CustomCodeService.cpp in Sources */ = {isa = PBXBuildFile; fileRef = 5DCDB9761A529BAC00F8339D /* CustomCodeService.cpp */; };
		5DCDB9F81A529BAD00F8339D /* App42EmailResponse.cpp in Sources */ = {isa = PBXBuildFile; fileRef = 5DCDB9791A529BAC00F8339D /* App42EmailResponse.cpp */; };
		5DCDB9F91A529BAD00F8339D /* EmailService.cpp in Sources */ = {isa = PBXBuildFile; fileRef = 5DCDB97B1A529BAC00F8339D /* EmailService.cpp */; };
		5DCDB9FA1A529BAD00F8339D /* App42GameResponse.cpp in Sources */ = {isa = PBXBuildFile; fileRef = 5DCDB97E1A529BAC00F8339D /* App42GameResponse.cpp */; };
		5DCDB9FB1A529BAD00F8339D /* App42RewardResponse.cpp in Sources */ = {isa = PBXBuildFile; fileRef = 5DCDB9801A529BAC00F8339D /* App42RewardResponse.cpp */; };
		5DCDB9FC1A529BAD00F8339D /* App42Score.cpp in Sources */ = {isa = PBXBuildFile; fileRef = 5DCDB9821A529BAC00F8339D /* App42Score.cpp */; };
		5DCDB9FD1A529BAD00F8339D /* GameService.cpp in Sources */ = {isa = PBXBuildFile; fileRef = 5DCDB9841A529BAC00F8339D /* GameService.cpp */; };
		5DCDB9FE1A529BAD00F8339D /* RewardService.cpp in Sources */ = {isa = PBXBuildFile; fileRef = 5DCDB9861A529BAC00F8339D /* RewardService.cpp */; };
		5DCDB9FF1A529BAD00F8339D /* ScoreBoardService.cpp in Sources */ = {isa = PBXBuildFile; fileRef = 5DCDB9881A529BAC00F8339D /* ScoreBoardService.cpp */; };
		5DCDBA001A529BAD00F8339D /* ScoreService.cpp in Sources */ = {isa = PBXBuildFile; fileRef = 5DCDB98A1A529BAC00F8339D /* ScoreService.cpp */; };
		5DCDBA011A529BAD00F8339D /* App42PushNotificationResponse.cpp in Sources */ = {isa = PBXBuildFile; fileRef = 5DCDB98D1A529BAC00F8339D /* App42PushNotificationResponse.cpp */; };
		5DCDBA021A529BAD00F8339D /* PushNotificationService.cpp in Sources */ = {isa = PBXBuildFile; fileRef = 5DCDB98F1A529BAC00F8339D /* PushNotificationService.cpp */; };
		5DCDBA031A529BAD00F8339D /* App42SessionResponse.cpp in Sources */ = {isa = PBXBuildFile; fileRef = 5DCDB9921A529BAC00F8339D /* App42SessionResponse.cpp */; };
		5DCDBA041A529BAD00F8339D /* SessionService.cpp in Sources */ = {isa = PBXBuildFile; fileRef = 5DCDB9941A529BAC00F8339D /* SessionService.cpp */; };
		5DCDBA051A529BAD00F8339D /* App42FacebookProfile.cpp in Sources */ = {isa = PBXBuildFile; fileRef = 5DCDB9971A529BAC00F8339D /* App42FacebookProfile.cpp */; };
		5DCDBA061A529BAD00F8339D /* App42Friend.cpp in Sources */ = {isa = PBXBuildFile; fileRef = 5DCDB9991A529BAC00F8339D /* App42Friend.cpp */; };
		5DCDBA071A529BAD00F8339D /* App42PublicProfile.cpp in Sources */ = {isa = PBXBuildFile; fileRef = 5DCDB99B1A529BAC00F8339D /* App42PublicProfile.cpp */; };
		5DCDBA081A529BAD00F8339D /* App42Social.cpp in Sources */ = {isa = PBXBuildFile; fileRef = 5DCDB99D1A529BAC00F8339D /* App42Social.cpp */; };
		5DCDBA091A529BAD00F8339D /* App42SocialResponse.cpp in Sources */ = {isa = PBXBuildFile; fileRef = 5DCDB99F1A529BAC00F8339D /* App42SocialResponse.cpp */; };
		5DCDBA0A1A529BAD00F8339D /* SocialService.cpp in Sources */ = {isa = PBXBuildFile; fileRef = 5DCDB9A11A529BAC00F8339D /* SocialService.cpp */; };
		5DCDBA0B1A529BAD00F8339D /* App42StorageResponse.cpp in Sources */ = {isa = PBXBuildFile; fileRef = 5DCDB9A41A529BAC00F8339D /* App42StorageResponse.cpp */; };
		5DCDBA0C1A529BAD00F8339D /* Query.cpp in Sources */ = {isa = PBXBuildFile; fileRef = 5DCDB9A61A529BAC00F8339D /* Query.cpp */; };
		5DCDBA0D1A529BAD00F8339D /* QueryBuilder.cpp in Sources */ = {isa = PBXBuildFile; fileRef = 5DCDB9A81A529BAC00F8339D /* QueryBuilder.cpp */; };
		5DCDBA0E1A529BAD00F8339D /* StorageService.cpp in Sources */ = {isa = PBXBuildFile; fileRef = 5DCDB9AA1A529BAC00F8339D /* StorageService.cpp */; };
		5DCDBA0F1A529BAD00F8339D /* App42TimerResponse.cpp in Sources */ = {isa = PBXBuildFile; fileRef = 5DCDB9AD1A529BAC00F8339D /* App42TimerResponse.cpp */; };
		5DCDBA101A529BAD00F8339D /* TimerService.cpp in Sources */ = {isa = PBXBuildFile; fileRef = 5DCDB9AF1A529BAC00F8339D /* TimerService.cpp */; };
		5DCDBA111A529BAD00F8339D /* App42UploadResponse.cpp in Sources */ = {isa = PBXBuildFile; fileRef = 5DCDB9B21A529BAC00F8339D /* App42UploadResponse.cpp */; };
		5DCDBA121A529BAD00F8339D /* UploadService.cpp in Sources */ = {isa = PBXBuildFile; fileRef = 5DCDB9B41A529BAC00F8339D /* UploadService.cpp */; };
		5DCDBA131A529BAD00F8339D /* App42UserResponse.cpp in Sources */ = {isa = PBXBuildFile; fileRef = 5DCDB9B71A529BAC00F8339D /* App42UserResponse.cpp */; };
		5DCDBA141A529BAD00F8339D /* UserService.cpp in Sources */ = {isa = PBXBuildFile; fileRef = 5DCDB9B91A529BAC00F8339D /* UserService.cpp */; };
		5DCDBA151A529BAD00F8339D /* App42PushHelper.cpp in Sources */ = {isa = PBXBuildFile; fileRef = 5DCDB9C21A529BAC00F8339D /* App42PushHelper.cpp */; };
		5DCDBA1C1A529BAD00F8339D /* TestPushNotificationService.cpp in Sources */ = {isa = PBXBuildFile; fileRef = 5DCDB9D11A529BAC00F8339D /* TestPushNotificationService.cpp */; };
		5DCDBA2F1A529C2B00F8339D /* App42Bridge.mm in Sources */ = {isa = PBXBuildFile; fileRef = 5DCDBA2C1A529C2B00F8339D /* App42Bridge.mm */; };
		5DCDBA301A529C2B00F8339D /* AppController+App42PushExt.mm in Sources */ = {isa = PBXBuildFile; fileRef = 5DCDBA2E1A529C2B00F8339D /* AppController+App42PushExt.mm */; };
		BF171245129291EC00B8313A /* OpenGLES.framework in Frameworks */ = {isa = PBXBuildFile; fileRef = BF170DB012928DE900B8313A /* OpenGLES.framework */; };
		BF1712471292920000B8313A /* libz.dylib in Frameworks */ = {isa = PBXBuildFile; fileRef = BF170DB412928DE900B8313A /* libz.dylib */; };
		BF1C47F01293687400B63C5D /* QuartzCore.framework in Frameworks */ = {isa = PBXBuildFile; fileRef = BF1C47EA1293683800B63C5D /* QuartzCore.framework */; };
		D44C620C132DFF330009C878 /* OpenAL.framework in Frameworks */ = {isa = PBXBuildFile; fileRef = D44C620B132DFF330009C878 /* OpenAL.framework */; };
		D44C620E132DFF430009C878 /* AVFoundation.framework in Frameworks */ = {isa = PBXBuildFile; fileRef = D44C620D132DFF430009C878 /* AVFoundation.framework */; };
		D44C6210132DFF4E0009C878 /* AudioToolbox.framework in Frameworks */ = {isa = PBXBuildFile; fileRef = D44C620F132DFF4E0009C878 /* AudioToolbox.framework */; };
		D6B0611B1803AB670077942B /* CoreMotion.framework in Frameworks */ = {isa = PBXBuildFile; fileRef = D6B0611A1803AB670077942B /* CoreMotion.framework */; };
/* End PBXBuildFile section */

/* Begin PBXContainerItemProxy section */
		1AC6FAF8180E9839004C840B /* PBXContainerItemProxy */ = {
			isa = PBXContainerItemProxy;
			containerPortal = 1AC6FAE5180E9839004C840B /* cocos2d_libs.xcodeproj */;
			proxyType = 2;
			remoteGlobalIDString = 1551A33F158F2AB200E66CFE;
			remoteInfo = "cocos2dx Mac";
		};
		1AC6FB06180E9839004C840B /* PBXContainerItemProxy */ = {
			isa = PBXContainerItemProxy;
			containerPortal = 1AC6FAE5180E9839004C840B /* cocos2d_libs.xcodeproj */;
			proxyType = 2;
			remoteGlobalIDString = A07A4D641783777C0073F6A7;
			remoteInfo = "cocos2dx iOS";
		};
		1AC6FB15180E9959004C840B /* PBXContainerItemProxy */ = {
			isa = PBXContainerItemProxy;
			containerPortal = 1AC6FAE5180E9839004C840B /* cocos2d_libs.xcodeproj */;
			proxyType = 1;
			remoteGlobalIDString = 1551A33E158F2AB200E66CFE;
			remoteInfo = "cocos2dx Mac";
		};
		1AC6FB24180E99E1004C840B /* PBXContainerItemProxy */ = {
			isa = PBXContainerItemProxy;
			containerPortal = 1AC6FAE5180E9839004C840B /* cocos2d_libs.xcodeproj */;
			proxyType = 1;
			remoteGlobalIDString = A07A4C241783777C0073F6A7;
			remoteInfo = "cocos2dx iOS";
		};
/* End PBXContainerItemProxy section */

/* Begin PBXFileReference section */
		1AC6FAE5180E9839004C840B /* cocos2d_libs.xcodeproj */ = {isa = PBXFileReference; lastKnownFileType = "wrapper.pb-project"; name = cocos2d_libs.xcodeproj; path = ../cocos2d/build/cocos2d_libs.xcodeproj; sourceTree = "<group>"; };
		1ACB3243164770DE00914215 /* libcurl.a */ = {isa = PBXFileReference; lastKnownFileType = archive.ar; name = libcurl.a; path = ../../cocos2dx/platform/third_party/ios/libraries/libcurl.a; sourceTree = "<group>"; };
		1D30AB110D05D00D00671497 /* Foundation.framework */ = {isa = PBXFileReference; lastKnownFileType = wrapper.framework; name = Foundation.framework; path = System/Library/Frameworks/Foundation.framework; sourceTree = SDKROOT; };
		1D6058910D05DD3D006BFB54 /* App42Cocos2dxSample iOS.app */ = {isa = PBXFileReference; explicitFileType = wrapper.application; includeInIndex = 0; path = "App42Cocos2dxSample iOS.app"; sourceTree = BUILT_PRODUCTS_DIR; };
		1DF5F4DF0D08C38300B7A737 /* UIKit.framework */ = {isa = PBXFileReference; lastKnownFileType = wrapper.framework; name = UIKit.framework; path = System/Library/Frameworks/UIKit.framework; sourceTree = SDKROOT; };
		288765A40DF7441C002DB57D /* CoreGraphics.framework */ = {isa = PBXFileReference; lastKnownFileType = wrapper.framework; name = CoreGraphics.framework; path = System/Library/Frameworks/CoreGraphics.framework; sourceTree = SDKROOT; };
		3EACC98E19EE6D4300EB3C5E /* res */ = {isa = PBXFileReference; lastKnownFileType = folder; path = res; sourceTree = "<group>"; };
		46880B7619C43A67006E1F66 /* CloseNormal.png */ = {isa = PBXFileReference; lastKnownFileType = image.png; path = CloseNormal.png; sourceTree = "<group>"; };
		46880B7719C43A67006E1F66 /* CloseSelected.png */ = {isa = PBXFileReference; lastKnownFileType = image.png; path = CloseSelected.png; sourceTree = "<group>"; };
		46880B7A19C43A67006E1F66 /* HelloWorld.png */ = {isa = PBXFileReference; lastKnownFileType = image.png; path = HelloWorld.png; sourceTree = "<group>"; };
		46880B8419C43A87006E1F66 /* AppDelegate.cpp */ = {isa = PBXFileReference; fileEncoding = 4; lastKnownFileType = sourcecode.cpp.cpp; path = AppDelegate.cpp; sourceTree = "<group>"; };
		46880B8519C43A87006E1F66 /* AppDelegate.h */ = {isa = PBXFileReference; fileEncoding = 4; lastKnownFileType = sourcecode.c.h; path = AppDelegate.h; sourceTree = "<group>"; };
		503AE0F617EB97AB00D1A890 /* Icon.icns */ = {isa = PBXFileReference; lastKnownFileType = image.icns; path = Icon.icns; sourceTree = "<group>"; };
		503AE0F717EB97AB00D1A890 /* Info.plist */ = {isa = PBXFileReference; fileEncoding = 4; lastKnownFileType = text.plist.xml; path = Info.plist; sourceTree = "<group>"; };
		503AE0FA17EB989F00D1A890 /* AppController.h */ = {isa = PBXFileReference; fileEncoding = 4; lastKnownFileType = sourcecode.c.h; name = AppController.h; path = ios/AppController.h; sourceTree = SOURCE_ROOT; };
		503AE0FB17EB989F00D1A890 /* AppController.mm */ = {isa = PBXFileReference; fileEncoding = 4; lastKnownFileType = sourcecode.cpp.objcpp; name = AppController.mm; path = ios/AppController.mm; sourceTree = SOURCE_ROOT; };
		503AE0FC17EB989F00D1A890 /* main.m */ = {isa = PBXFileReference; fileEncoding = 4; lastKnownFileType = sourcecode.c.objc; name = main.m; path = ios/main.m; sourceTree = SOURCE_ROOT; };
		503AE0FD17EB989F00D1A890 /* Prefix.pch */ = {isa = PBXFileReference; fileEncoding = 4; lastKnownFileType = sourcecode.c.h; name = Prefix.pch; path = ios/Prefix.pch; sourceTree = SOURCE_ROOT; };
		503AE0FE17EB989F00D1A890 /* RootViewController.h */ = {isa = PBXFileReference; fileEncoding = 4; lastKnownFileType = sourcecode.c.h; name = RootViewController.h; path = ios/RootViewController.h; sourceTree = SOURCE_ROOT; };
		503AE0FF17EB989F00D1A890 /* RootViewController.mm */ = {isa = PBXFileReference; fileEncoding = 4; lastKnownFileType = sourcecode.cpp.objcpp; name = RootViewController.mm; path = ios/RootViewController.mm; sourceTree = SOURCE_ROOT; };
		503AE10317EB98FF00D1A890 /* main.cpp */ = {isa = PBXFileReference; fileEncoding = 4; lastKnownFileType = sourcecode.cpp.cpp; name = main.cpp; path = mac/main.cpp; sourceTree = "<group>"; };
		503AE10417EB98FF00D1A890 /* Prefix.pch */ = {isa = PBXFileReference; fileEncoding = 4; lastKnownFileType = sourcecode.c.h; name = Prefix.pch; path = mac/Prefix.pch; sourceTree = "<group>"; };
		503AE11117EB99EE00D1A890 /* libcurl.dylib */ = {isa = PBXFileReference; lastKnownFileType = "compiled.mach-o.dylib"; name = libcurl.dylib; path = usr/lib/libcurl.dylib; sourceTree = SDKROOT; };
		503AE11A17EB9C5A00D1A890 /* IOKit.framework */ = {isa = PBXFileReference; lastKnownFileType = wrapper.framework; name = IOKit.framework; path = System/Library/Frameworks/IOKit.framework; sourceTree = SDKROOT; };
		5087E76F17EB910900C73F5D /* App42Cocos2dxSample Mac.app */ = {isa = PBXFileReference; explicitFileType = wrapper.application; includeInIndex = 0; path = "App42Cocos2dxSample Mac.app"; sourceTree = BUILT_PRODUCTS_DIR; };
		5087E77217EB970100C73F5D /* Default-568h@2x.png */ = {isa = PBXFileReference; lastKnownFileType = image.png; path = "Default-568h@2x.png"; sourceTree = "<group>"; };
		5087E77317EB970100C73F5D /* Default.png */ = {isa = PBXFileReference; lastKnownFileType = image.png; path = Default.png; sourceTree = "<group>"; };
		5087E77417EB970100C73F5D /* Default@2x.png */ = {isa = PBXFileReference; lastKnownFileType = image.png; path = "Default@2x.png"; sourceTree = "<group>"; };
		5087E77517EB970100C73F5D /* Icon-114.png */ = {isa = PBXFileReference; lastKnownFileType = image.png; path = "Icon-114.png"; sourceTree = "<group>"; };
		5087E77617EB970100C73F5D /* Icon-120.png */ = {isa = PBXFileReference; lastKnownFileType = image.png; path = "Icon-120.png"; sourceTree = "<group>"; };
		5087E77717EB970100C73F5D /* Icon-144.png */ = {isa = PBXFileReference; lastKnownFileType = image.png; path = "Icon-144.png"; sourceTree = "<group>"; };
		5087E77817EB970100C73F5D /* Icon-152.png */ = {isa = PBXFileReference; lastKnownFileType = image.png; path = "Icon-152.png"; sourceTree = "<group>"; };
		5087E77917EB970100C73F5D /* Icon-57.png */ = {isa = PBXFileReference; lastKnownFileType = image.png; path = "Icon-57.png"; sourceTree = "<group>"; };
		5087E77A17EB970100C73F5D /* Icon-72.png */ = {isa = PBXFileReference; lastKnownFileType = image.png; path = "Icon-72.png"; sourceTree = "<group>"; };
		5087E77B17EB970100C73F5D /* Icon-76.png */ = {isa = PBXFileReference; lastKnownFileType = image.png; path = "Icon-76.png"; sourceTree = "<group>"; };
		5087E77C17EB970100C73F5D /* Info.plist */ = {isa = PBXFileReference; fileEncoding = 4; lastKnownFileType = text.plist.xml; path = Info.plist; sourceTree = "<group>"; };
		5087E78817EB974C00C73F5D /* AppKit.framework */ = {isa = PBXFileReference; lastKnownFileType = wrapper.framework; name = AppKit.framework; path = System/Library/Frameworks/AppKit.framework; sourceTree = SDKROOT; };
		5087E78A17EB975400C73F5D /* OpenGL.framework */ = {isa = PBXFileReference; lastKnownFileType = wrapper.framework; name = OpenGL.framework; path = System/Library/Frameworks/OpenGL.framework; sourceTree = SDKROOT; };
		50EF629217ECD46A001EB2F8 /* Icon-40.png */ = {isa = PBXFileReference; lastKnownFileType = image.png; path = "Icon-40.png"; sourceTree = "<group>"; };
		50EF629317ECD46A001EB2F8 /* Icon-58.png */ = {isa = PBXFileReference; lastKnownFileType = image.png; path = "Icon-58.png"; sourceTree = "<group>"; };
		50EF629417ECD46A001EB2F8 /* Icon-80.png */ = {isa = PBXFileReference; lastKnownFileType = image.png; path = "Icon-80.png"; sourceTree = "<group>"; };
		50EF629517ECD46A001EB2F8 /* Icon-100.png */ = {isa = PBXFileReference; lastKnownFileType = image.png; path = "Icon-100.png"; sourceTree = "<group>"; };
		50EF62A017ECD613001EB2F8 /* Icon-29.png */ = {isa = PBXFileReference; lastKnownFileType = image.png; path = "Icon-29.png"; sourceTree = "<group>"; };
		50EF62A117ECD613001EB2F8 /* Icon-50.png */ = {isa = PBXFileReference; lastKnownFileType = image.png; path = "Icon-50.png"; sourceTree = "<group>"; };
		521A8E6219F0C34300D177D7 /* Default-667h@2x.png */ = {isa = PBXFileReference; lastKnownFileType = image.png; path = "Default-667h@2x.png"; sourceTree = "<group>"; };
		521A8E6319F0C34300D177D7 /* Default-736h@3x.png */ = {isa = PBXFileReference; lastKnownFileType = image.png; path = "Default-736h@3x.png"; sourceTree = "<group>"; };
		521A8EA819F11F5000D177D7 /* fonts */ = {isa = PBXFileReference; lastKnownFileType = folder; path = fonts; sourceTree = "<group>"; };
		5DCDB93F1A529B6500F8339D /* ResponseScene.cpp */ = {isa = PBXFileReference; fileEncoding = 4; lastKnownFileType = sourcecode.cpp.cpp; path = ResponseScene.cpp; sourceTree = "<group>"; };
		5DCDB9401A529B6500F8339D /* ResponseScene.h */ = {isa = PBXFileReference; fileEncoding = 4; lastKnownFileType = sourcecode.c.h; path = ResponseScene.h; sourceTree = "<group>"; };
		5DCDB9441A529BAC00F8339D /* App42HttpClient.cpp */ = {isa = PBXFileReference; fileEncoding = 4; lastKnownFileType = sourcecode.cpp.cpp; path = App42HttpClient.cpp; sourceTree = "<group>"; };
		5DCDB9451A529BAC00F8339D /* App42HttpClient.h */ = {isa = PBXFileReference; fileEncoding = 4; lastKnownFileType = sourcecode.c.h; path = App42HttpClient.h; sourceTree = "<group>"; };
		5DCDB9461A529BAC00F8339D /* App42HttpRequest.h */ = {isa = PBXFileReference; fileEncoding = 4; lastKnownFileType = sourcecode.c.h; path = App42HttpRequest.h; sourceTree = "<group>"; };
		5DCDB9471A529BAC00F8339D /* App42HttpResponse.h */ = {isa = PBXFileReference; fileEncoding = 4; lastKnownFileType = sourcecode.c.h; path = App42HttpResponse.h; sourceTree = "<group>"; };
		5DCDB9491A529BAC00F8339D /* App42AvatarResponse.cpp */ = {isa = PBXFileReference; fileEncoding = 4; lastKnownFileType = sourcecode.cpp.cpp; path = App42AvatarResponse.cpp; sourceTree = "<group>"; };
		5DCDB94A1A529BAC00F8339D /* App42AvatarResponse.h */ = {isa = PBXFileReference; fileEncoding = 4; lastKnownFileType = sourcecode.c.h; path = App42AvatarResponse.h; sourceTree = "<group>"; };
		5DCDB94B1A529BAC00F8339D /* AvatarService.cpp */ = {isa = PBXFileReference; fileEncoding = 4; lastKnownFileType = sourcecode.cpp.cpp; path = AvatarService.cpp; sourceTree = "<group>"; };
		5DCDB94C1A529BAC00F8339D /* AvatarService.h */ = {isa = PBXFileReference; fileEncoding = 4; lastKnownFileType = sourcecode.c.h; path = AvatarService.h; sourceTree = "<group>"; };
		5DCDB94E1A529BAC00F8339D /* App42BuddyResponse.cpp */ = {isa = PBXFileReference; fileEncoding = 4; lastKnownFileType = sourcecode.cpp.cpp; path = App42BuddyResponse.cpp; sourceTree = "<group>"; };
		5DCDB94F1A529BAC00F8339D /* App42BuddyResponse.h */ = {isa = PBXFileReference; fileEncoding = 4; lastKnownFileType = sourcecode.c.h; path = App42BuddyResponse.h; sourceTree = "<group>"; };
		5DCDB9501A529BAC00F8339D /* BuddyService.cpp */ = {isa = PBXFileReference; fileEncoding = 4; lastKnownFileType = sourcecode.cpp.cpp; path = BuddyService.cpp; sourceTree = "<group>"; };
		5DCDB9511A529BAC00F8339D /* BuddyService.h */ = {isa = PBXFileReference; fileEncoding = 4; lastKnownFileType = sourcecode.c.h; path = BuddyService.h; sourceTree = "<group>"; };
		5DCDB9531A529BAC00F8339D /* cJSON.cpp */ = {isa = PBXFileReference; fileEncoding = 4; lastKnownFileType = sourcecode.cpp.cpp; path = cJSON.cpp; sourceTree = "<group>"; };
		5DCDB9541A529BAC00F8339D /* cJSON.h */ = {isa = PBXFileReference; fileEncoding = 4; lastKnownFileType = sourcecode.c.h; path = cJSON.h; sourceTree = "<group>"; };
		5DCDB9561A529BAC00F8339D /* ACL.cpp */ = {isa = PBXFileReference; fileEncoding = 4; lastKnownFileType = sourcecode.cpp.cpp; path = ACL.cpp; sourceTree = "<group>"; };
		5DCDB9571A529BAC00F8339D /* ACL.h */ = {isa = PBXFileReference; fileEncoding = 4; lastKnownFileType = sourcecode.c.h; path = ACL.h; sourceTree = "<group>"; };
		5DCDB9581A529BAC00F8339D /* App42API.cpp */ = {isa = PBXFileReference; fileEncoding = 4; lastKnownFileType = sourcecode.cpp.cpp; path = App42API.cpp; sourceTree = "<group>"; };
		5DCDB9591A529BAC00F8339D /* App42API.h */ = {isa = PBXFileReference; fileEncoding = 4; lastKnownFileType = sourcecode.c.h; path = App42API.h; sourceTree = "<group>"; };
		5DCDB95A1A529BAC00F8339D /* App42CallBack.h */ = {isa = PBXFileReference; fileEncoding = 4; lastKnownFileType = sourcecode.c.h; path = App42CallBack.h; sourceTree = "<group>"; };
		5DCDB95B1A529BAC00F8339D /* App42Constants.h */ = {isa = PBXFileReference; fileEncoding = 4; lastKnownFileType = sourcecode.c.h; path = App42Constants.h; sourceTree = "<group>"; };
		5DCDB95C1A529BAC00F8339D /* App42Exception.cpp */ = {isa = PBXFileReference; fileEncoding = 4; lastKnownFileType = sourcecode.cpp.cpp; path = App42Exception.cpp; sourceTree = "<group>"; };
		5DCDB95D1A529BAC00F8339D /* App42Exception.h */ = {isa = PBXFileReference; fileEncoding = 4; lastKnownFileType = sourcecode.c.h; path = App42Exception.h; sourceTree = "<group>"; };
		5DCDB95E1A529BAC00F8339D /* App42GeoPoint.cpp */ = {isa = PBXFileReference; fileEncoding = 4; lastKnownFileType = sourcecode.cpp.cpp; path = App42GeoPoint.cpp; sourceTree = "<group>"; };
		5DCDB95F1A529BAC00F8339D /* App42GeoPoint.h */ = {isa = PBXFileReference; fileEncoding = 4; lastKnownFileType = sourcecode.c.h; path = App42GeoPoint.h; sourceTree = "<group>"; };
		5DCDB9601A529BAC00F8339D /* App42Object.cpp */ = {isa = PBXFileReference; fileEncoding = 4; lastKnownFileType = sourcecode.cpp.cpp; path = App42Object.cpp; sourceTree = "<group>"; };
		5DCDB9611A529BAC00F8339D /* App42Object.h */ = {isa = PBXFileReference; fileEncoding = 4; lastKnownFileType = sourcecode.c.h; path = App42Object.h; sourceTree = "<group>"; };
		5DCDB9621A529BAC00F8339D /* App42Response.cpp */ = {isa = PBXFileReference; fileEncoding = 4; lastKnownFileType = sourcecode.cpp.cpp; path = App42Response.cpp; sourceTree = "<group>"; };
		5DCDB9631A529BAC00F8339D /* App42Response.h */ = {isa = PBXFileReference; fileEncoding = 4; lastKnownFileType = sourcecode.c.h; path = App42Response.h; sourceTree = "<group>"; };
		5DCDB9641A529BAC00F8339D /* App42Service.cpp */ = {isa = PBXFileReference; fileEncoding = 4; lastKnownFileType = sourcecode.cpp.cpp; path = App42Service.cpp; sourceTree = "<group>"; };
		5DCDB9651A529BAC00F8339D /* App42Service.h */ = {isa = PBXFileReference; fileEncoding = 4; lastKnownFileType = sourcecode.c.h; path = App42Service.h; sourceTree = "<group>"; };
		5DCDB9661A529BAC00F8339D /* JSONDocument.cpp */ = {isa = PBXFileReference; fileEncoding = 4; lastKnownFileType = sourcecode.cpp.cpp; path = JSONDocument.cpp; sourceTree = "<group>"; };
		5DCDB9671A529BAC00F8339D /* JSONDocument.h */ = {isa = PBXFileReference; fileEncoding = 4; lastKnownFileType = sourcecode.c.h; path = JSONDocument.h; sourceTree = "<group>"; };
		5DCDB9681A529BAC00F8339D /* MetaResponse.cpp */ = {isa = PBXFileReference; fileEncoding = 4; lastKnownFileType = sourcecode.cpp.cpp; path = MetaResponse.cpp; sourceTree = "<group>"; };
		5DCDB9691A529BAC00F8339D /* MetaResponse.h */ = {isa = PBXFileReference; fileEncoding = 4; lastKnownFileType = sourcecode.c.h; path = MetaResponse.h; sourceTree = "<group>"; };
		5DCDB96B1A529BAC00F8339D /* app42base64.cpp */ = {isa = PBXFileReference; fileEncoding = 4; lastKnownFileType = sourcecode.cpp.cpp; path = app42base64.cpp; sourceTree = "<group>"; };
		5DCDB96C1A529BAC00F8339D /* app42base64.h */ = {isa = PBXFileReference; fileEncoding = 4; lastKnownFileType = sourcecode.c.h; path = app42base64.h; sourceTree = "<group>"; };
		5DCDB96D1A529BAC00F8339D /* HMAC_SHA1.cpp */ = {isa = PBXFileReference; fileEncoding = 4; lastKnownFileType = sourcecode.cpp.cpp; path = HMAC_SHA1.cpp; sourceTree = "<group>"; };
		5DCDB96E1A529BAC00F8339D /* HMAC_SHA1.h */ = {isa = PBXFileReference; fileEncoding = 4; lastKnownFileType = sourcecode.c.h; path = HMAC_SHA1.h; sourceTree = "<group>"; };
		5DCDB96F1A529BAC00F8339D /* SHA1.cpp */ = {isa = PBXFileReference; fileEncoding = 4; lastKnownFileType = sourcecode.cpp.cpp; path = SHA1.cpp; sourceTree = "<group>"; };
		5DCDB9701A529BAC00F8339D /* SHA1.h */ = {isa = PBXFileReference; fileEncoding = 4; lastKnownFileType = sourcecode.c.h; path = SHA1.h; sourceTree = "<group>"; };
		5DCDB9711A529BAC00F8339D /* urlencode.cpp */ = {isa = PBXFileReference; fileEncoding = 4; lastKnownFileType = sourcecode.cpp.cpp; path = urlencode.cpp; sourceTree = "<group>"; };
		5DCDB9721A529BAC00F8339D /* urlencode.h */ = {isa = PBXFileReference; fileEncoding = 4; lastKnownFileType = sourcecode.c.h; path = urlencode.h; sourceTree = "<group>"; };
		5DCDB9741A529BAC00F8339D /* App42CustomCodeResponse.cpp */ = {isa = PBXFileReference; fileEncoding = 4; lastKnownFileType = sourcecode.cpp.cpp; path = App42CustomCodeResponse.cpp; sourceTree = "<group>"; };
		5DCDB9751A529BAC00F8339D /* App42CustomCodeResponse.h */ = {isa = PBXFileReference; fileEncoding = 4; lastKnownFileType = sourcecode.c.h; path = App42CustomCodeResponse.h; sourceTree = "<group>"; };
		5DCDB9761A529BAC00F8339D /* CustomCodeService.cpp */ = {isa = PBXFileReference; fileEncoding = 4; lastKnownFileType = sourcecode.cpp.cpp; path = CustomCodeService.cpp; sourceTree = "<group>"; };
		5DCDB9771A529BAC00F8339D /* CustomCodeService.h */ = {isa = PBXFileReference; fileEncoding = 4; lastKnownFileType = sourcecode.c.h; path = CustomCodeService.h; sourceTree = "<group>"; };
		5DCDB9791A529BAC00F8339D /* App42EmailResponse.cpp */ = {isa = PBXFileReference; fileEncoding = 4; lastKnownFileType = sourcecode.cpp.cpp; path = App42EmailResponse.cpp; sourceTree = "<group>"; };
		5DCDB97A1A529BAC00F8339D /* App42EmailResponse.h */ = {isa = PBXFileReference; fileEncoding = 4; lastKnownFileType = sourcecode.c.h; path = App42EmailResponse.h; sourceTree = "<group>"; };
		5DCDB97B1A529BAC00F8339D /* EmailService.cpp */ = {isa = PBXFileReference; fileEncoding = 4; lastKnownFileType = sourcecode.cpp.cpp; path = EmailService.cpp; sourceTree = "<group>"; };
		5DCDB97C1A529BAC00F8339D /* EmailService.h */ = {isa = PBXFileReference; fileEncoding = 4; lastKnownFileType = sourcecode.c.h; path = EmailService.h; sourceTree = "<group>"; };
		5DCDB97E1A529BAC00F8339D /* App42GameResponse.cpp */ = {isa = PBXFileReference; fileEncoding = 4; lastKnownFileType = sourcecode.cpp.cpp; path = App42GameResponse.cpp; sourceTree = "<group>"; };
		5DCDB97F1A529BAC00F8339D /* App42GameResponse.h */ = {isa = PBXFileReference; fileEncoding = 4; lastKnownFileType = sourcecode.c.h; path = App42GameResponse.h; sourceTree = "<group>"; };
		5DCDB9801A529BAC00F8339D /* App42RewardResponse.cpp */ = {isa = PBXFileReference; fileEncoding = 4; lastKnownFileType = sourcecode.cpp.cpp; path = App42RewardResponse.cpp; sourceTree = "<group>"; };
		5DCDB9811A529BAC00F8339D /* App42RewardResponse.h */ = {isa = PBXFileReference; fileEncoding = 4; lastKnownFileType = sourcecode.c.h; path = App42RewardResponse.h; sourceTree = "<group>"; };
		5DCDB9821A529BAC00F8339D /* App42Score.cpp */ = {isa = PBXFileReference; fileEncoding = 4; lastKnownFileType = sourcecode.cpp.cpp; path = App42Score.cpp; sourceTree = "<group>"; };
		5DCDB9831A529BAC00F8339D /* App42Score.h */ = {isa = PBXFileReference; fileEncoding = 4; lastKnownFileType = sourcecode.c.h; path = App42Score.h; sourceTree = "<group>"; };
		5DCDB9841A529BAC00F8339D /* GameService.cpp */ = {isa = PBXFileReference; fileEncoding = 4; lastKnownFileType = sourcecode.cpp.cpp; path = GameService.cpp; sourceTree = "<group>"; };
		5DCDB9851A529BAC00F8339D /* GameService.h */ = {isa = PBXFileReference; fileEncoding = 4; lastKnownFileType = sourcecode.c.h; path = GameService.h; sourceTree = "<group>"; };
		5DCDB9861A529BAC00F8339D /* RewardService.cpp */ = {isa = PBXFileReference; fileEncoding = 4; lastKnownFileType = sourcecode.cpp.cpp; path = RewardService.cpp; sourceTree = "<group>"; };
		5DCDB9871A529BAC00F8339D /* RewardService.h */ = {isa = PBXFileReference; fileEncoding = 4; lastKnownFileType = sourcecode.c.h; path = RewardService.h; sourceTree = "<group>"; };
		5DCDB9881A529BAC00F8339D /* ScoreBoardService.cpp */ = {isa = PBXFileReference; fileEncoding = 4; lastKnownFileType = sourcecode.cpp.cpp; path = ScoreBoardService.cpp; sourceTree = "<group>"; };
		5DCDB9891A529BAC00F8339D /* ScoreBoardService.h */ = {isa = PBXFileReference; fileEncoding = 4; lastKnownFileType = sourcecode.c.h; path = ScoreBoardService.h; sourceTree = "<group>"; };
		5DCDB98A1A529BAC00F8339D /* ScoreService.cpp */ = {isa = PBXFileReference; fileEncoding = 4; lastKnownFileType = sourcecode.cpp.cpp; path = ScoreService.cpp; sourceTree = "<group>"; };
		5DCDB98B1A529BAC00F8339D /* ScoreService.h */ = {isa = PBXFileReference; fileEncoding = 4; lastKnownFileType = sourcecode.c.h; path = ScoreService.h; sourceTree = "<group>"; };
		5DCDB98D1A529BAC00F8339D /* App42PushNotificationResponse.cpp */ = {isa = PBXFileReference; fileEncoding = 4; lastKnownFileType = sourcecode.cpp.cpp; path = App42PushNotificationResponse.cpp; sourceTree = "<group>"; };
		5DCDB98E1A529BAC00F8339D /* App42PushNotificationResponse.h */ = {isa = PBXFileReference; fileEncoding = 4; lastKnownFileType = sourcecode.c.h; path = App42PushNotificationResponse.h; sourceTree = "<group>"; };
		5DCDB98F1A529BAC00F8339D /* PushNotificationService.cpp */ = {isa = PBXFileReference; fileEncoding = 4; lastKnownFileType = sourcecode.cpp.cpp; path = PushNotificationService.cpp; sourceTree = "<group>"; };
		5DCDB9901A529BAC00F8339D /* PushNotificationService.h */ = {isa = PBXFileReference; fileEncoding = 4; lastKnownFileType = sourcecode.c.h; path = PushNotificationService.h; sourceTree = "<group>"; };
		5DCDB9921A529BAC00F8339D /* App42SessionResponse.cpp */ = {isa = PBXFileReference; fileEncoding = 4; lastKnownFileType = sourcecode.cpp.cpp; path = App42SessionResponse.cpp; sourceTree = "<group>"; };
		5DCDB9931A529BAC00F8339D /* App42SessionResponse.h */ = {isa = PBXFileReference; fileEncoding = 4; lastKnownFileType = sourcecode.c.h; path = App42SessionResponse.h; sourceTree = "<group>"; };
		5DCDB9941A529BAC00F8339D /* SessionService.cpp */ = {isa = PBXFileReference; fileEncoding = 4; lastKnownFileType = sourcecode.cpp.cpp; path = SessionService.cpp; sourceTree = "<group>"; };
		5DCDB9951A529BAC00F8339D /* SessionService.h */ = {isa = PBXFileReference; fileEncoding = 4; lastKnownFileType = sourcecode.c.h; path = SessionService.h; sourceTree = "<group>"; };
		5DCDB9971A529BAC00F8339D /* App42FacebookProfile.cpp */ = {isa = PBXFileReference; fileEncoding = 4; lastKnownFileType = sourcecode.cpp.cpp; path = App42FacebookProfile.cpp; sourceTree = "<group>"; };
		5DCDB9981A529BAC00F8339D /* App42FacebookProfile.h */ = {isa = PBXFileReference; fileEncoding = 4; lastKnownFileType = sourcecode.c.h; path = App42FacebookProfile.h; sourceTree = "<group>"; };
		5DCDB9991A529BAC00F8339D /* App42Friend.cpp */ = {isa = PBXFileReference; fileEncoding = 4; lastKnownFileType = sourcecode.cpp.cpp; path = App42Friend.cpp; sourceTree = "<group>"; };
		5DCDB99A1A529BAC00F8339D /* App42Friend.h */ = {isa = PBXFileReference; fileEncoding = 4; lastKnownFileType = sourcecode.c.h; path = App42Friend.h; sourceTree = "<group>"; };
		5DCDB99B1A529BAC00F8339D /* App42PublicProfile.cpp */ = {isa = PBXFileReference; fileEncoding = 4; lastKnownFileType = sourcecode.cpp.cpp; path = App42PublicProfile.cpp; sourceTree = "<group>"; };
		5DCDB99C1A529BAC00F8339D /* App42PublicProfile.h */ = {isa = PBXFileReference; fileEncoding = 4; lastKnownFileType = sourcecode.c.h; path = App42PublicProfile.h; sourceTree = "<group>"; };
		5DCDB99D1A529BAC00F8339D /* App42Social.cpp */ = {isa = PBXFileReference; fileEncoding = 4; lastKnownFileType = sourcecode.cpp.cpp; path = App42Social.cpp; sourceTree = "<group>"; };
		5DCDB99E1A529BAC00F8339D /* App42Social.h */ = {isa = PBXFileReference; fileEncoding = 4; lastKnownFileType = sourcecode.c.h; path = App42Social.h; sourceTree = "<group>"; };
		5DCDB99F1A529BAC00F8339D /* App42SocialResponse.cpp */ = {isa = PBXFileReference; fileEncoding = 4; lastKnownFileType = sourcecode.cpp.cpp; path = App42SocialResponse.cpp; sourceTree = "<group>"; };
		5DCDB9A01A529BAC00F8339D /* App42SocialResponse.h */ = {isa = PBXFileReference; fileEncoding = 4; lastKnownFileType = sourcecode.c.h; path = App42SocialResponse.h; sourceTree = "<group>"; };
		5DCDB9A11A529BAC00F8339D /* SocialService.cpp */ = {isa = PBXFileReference; fileEncoding = 4; lastKnownFileType = sourcecode.cpp.cpp; path = SocialService.cpp; sourceTree = "<group>"; };
		5DCDB9A21A529BAC00F8339D /* SocialService.h */ = {isa = PBXFileReference; fileEncoding = 4; lastKnownFileType = sourcecode.c.h; path = SocialService.h; sourceTree = "<group>"; };
		5DCDB9A41A529BAC00F8339D /* App42StorageResponse.cpp */ = {isa = PBXFileReference; fileEncoding = 4; lastKnownFileType = sourcecode.cpp.cpp; path = App42StorageResponse.cpp; sourceTree = "<group>"; };
		5DCDB9A51A529BAC00F8339D /* App42StorageResponse.h */ = {isa = PBXFileReference; fileEncoding = 4; lastKnownFileType = sourcecode.c.h; path = App42StorageResponse.h; sourceTree = "<group>"; };
		5DCDB9A61A529BAC00F8339D /* Query.cpp */ = {isa = PBXFileReference; fileEncoding = 4; lastKnownFileType = sourcecode.cpp.cpp; path = Query.cpp; sourceTree = "<group>"; };
		5DCDB9A71A529BAC00F8339D /* Query.h */ = {isa = PBXFileReference; fileEncoding = 4; lastKnownFileType = sourcecode.c.h; path = Query.h; sourceTree = "<group>"; };
		5DCDB9A81A529BAC00F8339D /* QueryBuilder.cpp */ = {isa = PBXFileReference; fileEncoding = 4; lastKnownFileType = sourcecode.cpp.cpp; path = QueryBuilder.cpp; sourceTree = "<group>"; };
		5DCDB9A91A529BAC00F8339D /* QueryBuilder.h */ = {isa = PBXFileReference; fileEncoding = 4; lastKnownFileType = sourcecode.c.h; path = QueryBuilder.h; sourceTree = "<group>"; };
		5DCDB9AA1A529BAC00F8339D /* StorageService.cpp */ = {isa = PBXFileReference; fileEncoding = 4; lastKnownFileType = sourcecode.cpp.cpp; path = StorageService.cpp; sourceTree = "<group>"; };
		5DCDB9AB1A529BAC00F8339D /* StorageService.h */ = {isa = PBXFileReference; fileEncoding = 4; lastKnownFileType = sourcecode.c.h; path = StorageService.h; sourceTree = "<group>"; };
		5DCDB9AD1A529BAC00F8339D /* App42TimerResponse.cpp */ = {isa = PBXFileReference; fileEncoding = 4; lastKnownFileType = sourcecode.cpp.cpp; path = App42TimerResponse.cpp; sourceTree = "<group>"; };
		5DCDB9AE1A529BAC00F8339D /* App42TimerResponse.h */ = {isa = PBXFileReference; fileEncoding = 4; lastKnownFileType = sourcecode.c.h; path = App42TimerResponse.h; sourceTree = "<group>"; };
		5DCDB9AF1A529BAC00F8339D /* TimerService.cpp */ = {isa = PBXFileReference; fileEncoding = 4; lastKnownFileType = sourcecode.cpp.cpp; path = TimerService.cpp; sourceTree = "<group>"; };
		5DCDB9B01A529BAC00F8339D /* TimerService.h */ = {isa = PBXFileReference; fileEncoding = 4; lastKnownFileType = sourcecode.c.h; path = TimerService.h; sourceTree = "<group>"; };
		5DCDB9B21A529BAC00F8339D /* App42UploadResponse.cpp */ = {isa = PBXFileReference; fileEncoding = 4; lastKnownFileType = sourcecode.cpp.cpp; path = App42UploadResponse.cpp; sourceTree = "<group>"; };
		5DCDB9B31A529BAC00F8339D /* App42UploadResponse.h */ = {isa = PBXFileReference; fileEncoding = 4; lastKnownFileType = sourcecode.c.h; path = App42UploadResponse.h; sourceTree = "<group>"; };
		5DCDB9B41A529BAC00F8339D /* UploadService.cpp */ = {isa = PBXFileReference; fileEncoding = 4; lastKnownFileType = sourcecode.cpp.cpp; path = UploadService.cpp; sourceTree = "<group>"; };
		5DCDB9B51A529BAC00F8339D /* UploadService.h */ = {isa = PBXFileReference; fileEncoding = 4; lastKnownFileType = sourcecode.c.h; path = UploadService.h; sourceTree = "<group>"; };
		5DCDB9B71A529BAC00F8339D /* App42UserResponse.cpp */ = {isa = PBXFileReference; fileEncoding = 4; lastKnownFileType = sourcecode.cpp.cpp; path = App42UserResponse.cpp; sourceTree = "<group>"; };
		5DCDB9B81A529BAC00F8339D /* App42UserResponse.h */ = {isa = PBXFileReference; fileEncoding = 4; lastKnownFileType = sourcecode.c.h; path = App42UserResponse.h; sourceTree = "<group>"; };
		5DCDB9B91A529BAC00F8339D /* UserService.cpp */ = {isa = PBXFileReference; fileEncoding = 4; lastKnownFileType = sourcecode.cpp.cpp; path = UserService.cpp; sourceTree = "<group>"; };
		5DCDB9BA1A529BAC00F8339D /* UserService.h */ = {isa = PBXFileReference; fileEncoding = 4; lastKnownFileType = sourcecode.c.h; path = UserService.h; sourceTree = "<group>"; };
		5DCDB9BC1A529BAC00F8339D /* BodyBuilder.h */ = {isa = PBXFileReference; fileEncoding = 4; lastKnownFileType = sourcecode.c.h; path = BodyBuilder.h; sourceTree = "<group>"; };
		5DCDB9BD1A529BAC00F8339D /* Common.h */ = {isa = PBXFileReference; fileEncoding = 4; lastKnownFileType = sourcecode.c.h; path = Common.h; sourceTree = "<group>"; };
		5DCDB9BE1A529BAC00F8339D /* Connector.h */ = {isa = PBXFileReference; fileEncoding = 4; lastKnownFileType = sourcecode.c.h; path = Connector.h; sourceTree = "<group>"; };
		5DCDB9BF1A529BAC00F8339D /* Exceptions.h */ = {isa = PBXFileReference; fileEncoding = 4; lastKnownFileType = sourcecode.c.h; path = Exceptions.h; sourceTree = "<group>"; };
		5DCDB9C01A529BAC00F8339D /* Signing.h */ = {isa = PBXFileReference; fileEncoding = 4; lastKnownFileType = sourcecode.c.h; path = Signing.h; sourceTree = "<group>"; };
		5DCDB9C21A529BAC00F8339D /* App42PushHelper.cpp */ = {isa = PBXFileReference; fileEncoding = 4; lastKnownFileType = sourcecode.cpp.cpp; path = App42PushHelper.cpp; sourceTree = "<group>"; };
		5DCDB9C31A529BAC00F8339D /* App42PushHelper.h */ = {isa = PBXFileReference; fileEncoding = 4; lastKnownFileType = sourcecode.c.h; path = App42PushHelper.h; sourceTree = "<group>"; };
		5DCDB9D11A529BAC00F8339D /* TestPushNotificationService.cpp */ = {isa = PBXFileReference; fileEncoding = 4; lastKnownFileType = sourcecode.cpp.cpp; path = TestPushNotificationService.cpp; sourceTree = "<group>"; };
		5DCDB9D21A529BAC00F8339D /* TestPushNotificationService.h */ = {isa = PBXFileReference; fileEncoding = 4; lastKnownFileType = sourcecode.c.h; path = TestPushNotificationService.h; sourceTree = "<group>"; };
		5DCDBA2B1A529C2B00F8339D /* App42Bridge.h */ = {isa = PBXFileReference; fileEncoding = 4; lastKnownFileType = sourcecode.c.h; name = App42Bridge.h; path = ios/App42Bridge.h; sourceTree = SOURCE_ROOT; };
		5DCDBA2C1A529C2B00F8339D /* App42Bridge.mm */ = {isa = PBXFileReference; fileEncoding = 4; lastKnownFileType = sourcecode.cpp.objcpp; name = App42Bridge.mm; path = ios/App42Bridge.mm; sourceTree = SOURCE_ROOT; };
		5DCDBA2D1A529C2B00F8339D /* AppController+App42PushExt.h */ = {isa = PBXFileReference; fileEncoding = 4; lastKnownFileType = sourcecode.c.h; name = "AppController+App42PushExt.h"; path = "ios/AppController+App42PushExt.h"; sourceTree = SOURCE_ROOT; };
		5DCDBA2E1A529C2B00F8339D /* AppController+App42PushExt.mm */ = {isa = PBXFileReference; fileEncoding = 4; lastKnownFileType = sourcecode.cpp.objcpp; name = "AppController+App42PushExt.mm"; path = "ios/AppController+App42PushExt.mm"; sourceTree = SOURCE_ROOT; };
		BF170DB012928DE900B8313A /* OpenGLES.framework */ = {isa = PBXFileReference; lastKnownFileType = wrapper.framework; name = OpenGLES.framework; path = System/Library/Frameworks/OpenGLES.framework; sourceTree = SDKROOT; };
		BF170DB412928DE900B8313A /* libz.dylib */ = {isa = PBXFileReference; lastKnownFileType = "compiled.mach-o.dylib"; name = libz.dylib; path = usr/lib/libz.dylib; sourceTree = SDKROOT; };
		BF1C47EA1293683800B63C5D /* QuartzCore.framework */ = {isa = PBXFileReference; lastKnownFileType = wrapper.framework; name = QuartzCore.framework; path = System/Library/Frameworks/QuartzCore.framework; sourceTree = SDKROOT; };
		D44C620B132DFF330009C878 /* OpenAL.framework */ = {isa = PBXFileReference; lastKnownFileType = wrapper.framework; name = OpenAL.framework; path = System/Library/Frameworks/OpenAL.framework; sourceTree = SDKROOT; };
		D44C620D132DFF430009C878 /* AVFoundation.framework */ = {isa = PBXFileReference; lastKnownFileType = wrapper.framework; name = AVFoundation.framework; path = System/Library/Frameworks/AVFoundation.framework; sourceTree = SDKROOT; };
		D44C620F132DFF4E0009C878 /* AudioToolbox.framework */ = {isa = PBXFileReference; lastKnownFileType = wrapper.framework; name = AudioToolbox.framework; path = System/Library/Frameworks/AudioToolbox.framework; sourceTree = SDKROOT; };
		D6B0611A1803AB670077942B /* CoreMotion.framework */ = {isa = PBXFileReference; lastKnownFileType = wrapper.framework; name = CoreMotion.framework; path = Platforms/iPhoneOS.platform/Developer/SDKs/iPhoneOS7.0.sdk/System/Library/Frameworks/CoreMotion.framework; sourceTree = DEVELOPER_DIR; };
/* End PBXFileReference section */

/* Begin PBXFrameworksBuildPhase section */
		1D60588F0D05DD3D006BFB54 /* Frameworks */ = {
			isa = PBXFrameworksBuildPhase;
			buildActionMask = 2147483647;
			files = (
				1AC6FB30180E99EB004C840B /* libcocos2d iOS.a in Frameworks */,
				D6B0611B1803AB670077942B /* CoreMotion.framework in Frameworks */,
				1D60589F0D05DD5A006BFB54 /* Foundation.framework in Frameworks */,
				1DF5F4E00D08C38300B7A737 /* UIKit.framework in Frameworks */,
				288765A50DF7441C002DB57D /* CoreGraphics.framework in Frameworks */,
				BF171245129291EC00B8313A /* OpenGLES.framework in Frameworks */,
				BF1712471292920000B8313A /* libz.dylib in Frameworks */,
				BF1C47F01293687400B63C5D /* QuartzCore.framework in Frameworks */,
				D44C620C132DFF330009C878 /* OpenAL.framework in Frameworks */,
				D44C620E132DFF430009C878 /* AVFoundation.framework in Frameworks */,
				D44C6210132DFF4E0009C878 /* AudioToolbox.framework in Frameworks */,
			);
			runOnlyForDeploymentPostprocessing = 0;
		};
		5087E75C17EB910900C73F5D /* Frameworks */ = {
			isa = PBXFrameworksBuildPhase;
			buildActionMask = 2147483647;
			files = (
				1AC6FB21180E996B004C840B /* libcocos2d Mac.a in Frameworks */,
				503AE11217EB99EE00D1A890 /* libcurl.dylib in Frameworks */,
				5087E76717EB910900C73F5D /* libz.dylib in Frameworks */,
				503AE11B17EB9C5A00D1A890 /* IOKit.framework in Frameworks */,
				5087E78B17EB975400C73F5D /* OpenGL.framework in Frameworks */,
				5087E78917EB974C00C73F5D /* AppKit.framework in Frameworks */,
				5087E76317EB910900C73F5D /* Foundation.framework in Frameworks */,
				5087E76817EB910900C73F5D /* QuartzCore.framework in Frameworks */,
				5087E76917EB910900C73F5D /* OpenAL.framework in Frameworks */,
				5087E76A17EB910900C73F5D /* AVFoundation.framework in Frameworks */,
				5087E76B17EB910900C73F5D /* AudioToolbox.framework in Frameworks */,
			);
			runOnlyForDeploymentPostprocessing = 0;
		};
/* End PBXFrameworksBuildPhase section */

/* Begin PBXGroup section */
		080E96DDFE201D6D7F000001 /* ios */ = {
			isa = PBXGroup;
			children = (
				5DCDBA2B1A529C2B00F8339D /* App42Bridge.h */,
				5DCDBA2C1A529C2B00F8339D /* App42Bridge.mm */,
				5DCDBA2D1A529C2B00F8339D /* AppController+App42PushExt.h */,
				5DCDBA2E1A529C2B00F8339D /* AppController+App42PushExt.mm */,
				5087E77117EB970100C73F5D /* Icons */,
				503AE0FA17EB989F00D1A890 /* AppController.h */,
				503AE0FB17EB989F00D1A890 /* AppController.mm */,
				503AE0FC17EB989F00D1A890 /* main.m */,
				503AE0FD17EB989F00D1A890 /* Prefix.pch */,
				503AE0FE17EB989F00D1A890 /* RootViewController.h */,
				503AE0FF17EB989F00D1A890 /* RootViewController.mm */,
			);
			name = ios;
			path = Classes;
			sourceTree = "<group>";
		};
		19C28FACFE9D520D11CA2CBB /* Products */ = {
			isa = PBXGroup;
			children = (
				1D6058910D05DD3D006BFB54 /* App42Cocos2dxSample iOS.app */,
				5087E76F17EB910900C73F5D /* App42Cocos2dxSample Mac.app */,
			);
			name = Products;
			sourceTree = "<group>";
		};
		1AC6FAE6180E9839004C840B /* Products */ = {
			isa = PBXGroup;
			children = (
				1AC6FAF9180E9839004C840B /* libcocos2d Mac.a */,
				1AC6FB07180E9839004C840B /* libcocos2d iOS.a */,
			);
			name = Products;
			sourceTree = "<group>";
		};
		29B97314FDCFA39411CA2CEA /* CustomTemplate */ = {
			isa = PBXGroup;
			children = (
				5DCDB9421A529BAC00F8339D /* App42 */,
				5DCDB9C11A529BAC00F8339D /* App42PushHelper */,
				5DCDB9C41A529BAC00F8339D /* Tests */,
				46880B8319C43A87006E1F66 /* Classes */,
				46880B7519C43A67006E1F66 /* Resources */,
				1AC6FAE5180E9839004C840B /* cocos2d_libs.xcodeproj */,
				29B97323FDCFA39411CA2CEA /* Frameworks */,
				080E96DDFE201D6D7F000001 /* ios */,
				503AE10617EB990700D1A890 /* mac */,
				19C28FACFE9D520D11CA2CBB /* Products */,
			);
			name = CustomTemplate;
			sourceTree = "<group>";
		};
		29B97323FDCFA39411CA2CEA /* Frameworks */ = {
			isa = PBXGroup;
			children = (
				D6B0611A1803AB670077942B /* CoreMotion.framework */,
				503AE11A17EB9C5A00D1A890 /* IOKit.framework */,
				503AE11117EB99EE00D1A890 /* libcurl.dylib */,
				5087E78A17EB975400C73F5D /* OpenGL.framework */,
				5087E78817EB974C00C73F5D /* AppKit.framework */,
				1ACB3243164770DE00914215 /* libcurl.a */,
				BF170DB412928DE900B8313A /* libz.dylib */,
				D44C620F132DFF4E0009C878 /* AudioToolbox.framework */,
				D44C620D132DFF430009C878 /* AVFoundation.framework */,
				288765A40DF7441C002DB57D /* CoreGraphics.framework */,
				1D30AB110D05D00D00671497 /* Foundation.framework */,
				D44C620B132DFF330009C878 /* OpenAL.framework */,
				BF170DB012928DE900B8313A /* OpenGLES.framework */,
				BF1C47EA1293683800B63C5D /* QuartzCore.framework */,
				1DF5F4DF0D08C38300B7A737 /* UIKit.framework */,
			);
			name = Frameworks;
			sourceTree = "<group>";
		};
		46880B7519C43A67006E1F66 /* Resources */ = {
			isa = PBXGroup;
			children = (
				521A8EA819F11F5000D177D7 /* fonts */,
				3EACC98E19EE6D4300EB3C5E /* res */,
				46880B7619C43A67006E1F66 /* CloseNormal.png */,
				46880B7719C43A67006E1F66 /* CloseSelected.png */,
				46880B7A19C43A67006E1F66 /* HelloWorld.png */,
			);
			name = Resources;
			path = ../Resources;
			sourceTree = "<group>";
		};
		46880B8319C43A87006E1F66 /* Classes */ = {
			isa = PBXGroup;
			children = (
				46880B8419C43A87006E1F66 /* AppDelegate.cpp */,
				46880B8519C43A87006E1F66 /* AppDelegate.h */,
				5DCDB93F1A529B6500F8339D /* ResponseScene.cpp */,
				5DCDB9401A529B6500F8339D /* ResponseScene.h */,
			);
			name = Classes;
			path = ../Classes;
			sourceTree = "<group>";
		};
		503AE0F517EB97AB00D1A890 /* Icons */ = {
			isa = PBXGroup;
			children = (
				503AE0F617EB97AB00D1A890 /* Icon.icns */,
				503AE0F717EB97AB00D1A890 /* Info.plist */,
			);
			name = Icons;
			path = mac;
			sourceTree = SOURCE_ROOT;
		};
		503AE10617EB990700D1A890 /* mac */ = {
			isa = PBXGroup;
			children = (
				503AE0F517EB97AB00D1A890 /* Icons */,
				503AE10317EB98FF00D1A890 /* main.cpp */,
				503AE10417EB98FF00D1A890 /* Prefix.pch */,
			);
			name = mac;
			sourceTree = "<group>";
		};
		5087E77117EB970100C73F5D /* Icons */ = {
			isa = PBXGroup;
			children = (
				521A8E6219F0C34300D177D7 /* Default-667h@2x.png */,
				521A8E6319F0C34300D177D7 /* Default-736h@3x.png */,
				5087E77217EB970100C73F5D /* Default-568h@2x.png */,
				5087E77317EB970100C73F5D /* Default.png */,
				5087E77417EB970100C73F5D /* Default@2x.png */,
				50EF62A017ECD613001EB2F8 /* Icon-29.png */,
				50EF62A117ECD613001EB2F8 /* Icon-50.png */,
				50EF629217ECD46A001EB2F8 /* Icon-40.png */,
				50EF629317ECD46A001EB2F8 /* Icon-58.png */,
				50EF629417ECD46A001EB2F8 /* Icon-80.png */,
				50EF629517ECD46A001EB2F8 /* Icon-100.png */,
				5087E77517EB970100C73F5D /* Icon-114.png */,
				5087E77617EB970100C73F5D /* Icon-120.png */,
				5087E77717EB970100C73F5D /* Icon-144.png */,
				5087E77817EB970100C73F5D /* Icon-152.png */,
				5087E77917EB970100C73F5D /* Icon-57.png */,
				5087E77A17EB970100C73F5D /* Icon-72.png */,
				5087E77B17EB970100C73F5D /* Icon-76.png */,
				5087E77C17EB970100C73F5D /* Info.plist */,
			);
			name = Icons;
			path = ios;
			sourceTree = SOURCE_ROOT;
		};
		5DCDB9421A529BAC00F8339D /* App42 */ = {
			isa = PBXGroup;
			children = (
				5DCDB9431A529BAC00F8339D /* App42HTTP */,
				5DCDB9481A529BAC00F8339D /* AvatarService */,
				5DCDB94D1A529BAC00F8339D /* BuddyService */,
				5DCDB9521A529BAC00F8339D /* cJSON */,
				5DCDB9551A529BAC00F8339D /* Common */,
				5DCDB96A1A529BAC00F8339D /* Crypto */,
				5DCDB9731A529BAC00F8339D /* CustomCodeService */,
				5DCDB9781A529BAC00F8339D /* EmailService */,
				5DCDB97D1A529BAC00F8339D /* GameService */,
				5DCDB98C1A529BAC00F8339D /* PushNotificationService */,
				5DCDB9911A529BAC00F8339D /* SessionService */,
				5DCDB9961A529BAC00F8339D /* SocialService */,
				5DCDB9A31A529BAC00F8339D /* StorageService */,
				5DCDB9AC1A529BAC00F8339D /* TimerService */,
				5DCDB9B11A529BAC00F8339D /* UploadService */,
				5DCDB9B61A529BAC00F8339D /* UserService */,
				5DCDB9BB1A529BAC00F8339D /* Util */,
			);
			name = App42;
			path = ../App42;
			sourceTree = "<group>";
		};
		5DCDB9431A529BAC00F8339D /* App42HTTP */ = {
			isa = PBXGroup;
			children = (
				5DCDB9441A529BAC00F8339D /* App42HttpClient.cpp */,
				5DCDB9451A529BAC00F8339D /* App42HttpClient.h */,
				5DCDB9461A529BAC00F8339D /* App42HttpRequest.h */,
				5DCDB9471A529BAC00F8339D /* App42HttpResponse.h */,
			);
			path = App42HTTP;
			sourceTree = "<group>";
		};
		5DCDB9481A529BAC00F8339D /* AvatarService */ = {
			isa = PBXGroup;
			children = (
				5DCDB9491A529BAC00F8339D /* App42AvatarResponse.cpp */,
				5DCDB94A1A529BAC00F8339D /* App42AvatarResponse.h */,
				5DCDB94B1A529BAC00F8339D /* AvatarService.cpp */,
				5DCDB94C1A529BAC00F8339D /* AvatarService.h */,
			);
			path = AvatarService;
			sourceTree = "<group>";
		};
		5DCDB94D1A529BAC00F8339D /* BuddyService */ = {
			isa = PBXGroup;
			children = (
				5DCDB94E1A529BAC00F8339D /* App42BuddyResponse.cpp */,
				5DCDB94F1A529BAC00F8339D /* App42BuddyResponse.h */,
				5DCDB9501A529BAC00F8339D /* BuddyService.cpp */,
				5DCDB9511A529BAC00F8339D /* BuddyService.h */,
			);
			path = BuddyService;
			sourceTree = "<group>";
		};
		5DCDB9521A529BAC00F8339D /* cJSON */ = {
			isa = PBXGroup;
			children = (
				5DCDB9531A529BAC00F8339D /* cJSON.cpp */,
				5DCDB9541A529BAC00F8339D /* cJSON.h */,
			);
			path = cJSON;
			sourceTree = "<group>";
		};
		5DCDB9551A529BAC00F8339D /* Common */ = {
			isa = PBXGroup;
			children = (
				5DCDB9561A529BAC00F8339D /* ACL.cpp */,
				5DCDB9571A529BAC00F8339D /* ACL.h */,
				5DCDB9581A529BAC00F8339D /* App42API.cpp */,
				5DCDB9591A529BAC00F8339D /* App42API.h */,
				5DCDB95A1A529BAC00F8339D /* App42CallBack.h */,
				5DCDB95B1A529BAC00F8339D /* App42Constants.h */,
				5DCDB95C1A529BAC00F8339D /* App42Exception.cpp */,
				5DCDB95D1A529BAC00F8339D /* App42Exception.h */,
				5DCDB95E1A529BAC00F8339D /* App42GeoPoint.cpp */,
				5DCDB95F1A529BAC00F8339D /* App42GeoPoint.h */,
				5DCDB9601A529BAC00F8339D /* App42Object.cpp */,
				5DCDB9611A529BAC00F8339D /* App42Object.h */,
				5DCDB9621A529BAC00F8339D /* App42Response.cpp */,
				5DCDB9631A529BAC00F8339D /* App42Response.h */,
				5DCDB9641A529BAC00F8339D /* App42Service.cpp */,
				5DCDB9651A529BAC00F8339D /* App42Service.h */,
				5DCDB9661A529BAC00F8339D /* JSONDocument.cpp */,
				5DCDB9671A529BAC00F8339D /* JSONDocument.h */,
				5DCDB9681A529BAC00F8339D /* MetaResponse.cpp */,
				5DCDB9691A529BAC00F8339D /* MetaResponse.h */,
			);
			path = Common;
			sourceTree = "<group>";
		};
		5DCDB96A1A529BAC00F8339D /* Crypto */ = {
			isa = PBXGroup;
			children = (
				5DCDB96B1A529BAC00F8339D /* app42base64.cpp */,
				5DCDB96C1A529BAC00F8339D /* app42base64.h */,
				5DCDB96D1A529BAC00F8339D /* HMAC_SHA1.cpp */,
				5DCDB96E1A529BAC00F8339D /* HMAC_SHA1.h */,
				5DCDB96F1A529BAC00F8339D /* SHA1.cpp */,
				5DCDB9701A529BAC00F8339D /* SHA1.h */,
				5DCDB9711A529BAC00F8339D /* urlencode.cpp */,
				5DCDB9721A529BAC00F8339D /* urlencode.h */,
			);
			path = Crypto;
			sourceTree = "<group>";
		};
		5DCDB9731A529BAC00F8339D /* CustomCodeService */ = {
			isa = PBXGroup;
			children = (
				5DCDB9741A529BAC00F8339D /* App42CustomCodeResponse.cpp */,
				5DCDB9751A529BAC00F8339D /* App42CustomCodeResponse.h */,
				5DCDB9761A529BAC00F8339D /* CustomCodeService.cpp */,
				5DCDB9771A529BAC00F8339D /* CustomCodeService.h */,
			);
			path = CustomCodeService;
			sourceTree = "<group>";
		};
		5DCDB9781A529BAC00F8339D /* EmailService */ = {
			isa = PBXGroup;
			children = (
				5DCDB9791A529BAC00F8339D /* App42EmailResponse.cpp */,
				5DCDB97A1A529BAC00F8339D /* App42EmailResponse.h */,
				5DCDB97B1A529BAC00F8339D /* EmailService.cpp */,
				5DCDB97C1A529BAC00F8339D /* EmailService.h */,
			);
			path = EmailService;
			sourceTree = "<group>";
		};
		5DCDB97D1A529BAC00F8339D /* GameService */ = {
			isa = PBXGroup;
			children = (
				5DCDB97E1A529BAC00F8339D /* App42GameResponse.cpp */,
				5DCDB97F1A529BAC00F8339D /* App42GameResponse.h */,
				5DCDB9801A529BAC00F8339D /* App42RewardResponse.cpp */,
				5DCDB9811A529BAC00F8339D /* App42RewardResponse.h */,
				5DCDB9821A529BAC00F8339D /* App42Score.cpp */,
				5DCDB9831A529BAC00F8339D /* App42Score.h */,
				5DCDB9841A529BAC00F8339D /* GameService.cpp */,
				5DCDB9851A529BAC00F8339D /* GameService.h */,
				5DCDB9861A529BAC00F8339D /* RewardService.cpp */,
				5DCDB9871A529BAC00F8339D /* RewardService.h */,
				5DCDB9881A529BAC00F8339D /* ScoreBoardService.cpp */,
				5DCDB9891A529BAC00F8339D /* ScoreBoardService.h */,
				5DCDB98A1A529BAC00F8339D /* ScoreService.cpp */,
				5DCDB98B1A529BAC00F8339D /* ScoreService.h */,
			);
			path = GameService;
			sourceTree = "<group>";
		};
		5DCDB98C1A529BAC00F8339D /* PushNotificationService */ = {
			isa = PBXGroup;
			children = (
				5DCDB98D1A529BAC00F8339D /* App42PushNotificationResponse.cpp */,
				5DCDB98E1A529BAC00F8339D /* App42PushNotificationResponse.h */,
				5DCDB98F1A529BAC00F8339D /* PushNotificationService.cpp */,
				5DCDB9901A529BAC00F8339D /* PushNotificationService.h */,
			);
			path = PushNotificationService;
			sourceTree = "<group>";
		};
		5DCDB9911A529BAC00F8339D /* SessionService */ = {
			isa = PBXGroup;
			children = (
				5DCDB9921A529BAC00F8339D /* App42SessionResponse.cpp */,
				5DCDB9931A529BAC00F8339D /* App42SessionResponse.h */,
				5DCDB9941A529BAC00F8339D /* SessionService.cpp */,
				5DCDB9951A529BAC00F8339D /* SessionService.h */,
			);
			path = SessionService;
			sourceTree = "<group>";
		};
		5DCDB9961A529BAC00F8339D /* SocialService */ = {
			isa = PBXGroup;
			children = (
				5DCDB9971A529BAC00F8339D /* App42FacebookProfile.cpp */,
				5DCDB9981A529BAC00F8339D /* App42FacebookProfile.h */,
				5DCDB9991A529BAC00F8339D /* App42Friend.cpp */,
				5DCDB99A1A529BAC00F8339D /* App42Friend.h */,
				5DCDB99B1A529BAC00F8339D /* App42PublicProfile.cpp */,
				5DCDB99C1A529BAC00F8339D /* App42PublicProfile.h */,
				5DCDB99D1A529BAC00F8339D /* App42Social.cpp */,
				5DCDB99E1A529BAC00F8339D /* App42Social.h */,
				5DCDB99F1A529BAC00F8339D /* App42SocialResponse.cpp */,
				5DCDB9A01A529BAC00F8339D /* App42SocialResponse.h */,
				5DCDB9A11A529BAC00F8339D /* SocialService.cpp */,
				5DCDB9A21A529BAC00F8339D /* SocialService.h */,
			);
			path = SocialService;
			sourceTree = "<group>";
		};
		5DCDB9A31A529BAC00F8339D /* StorageService */ = {
			isa = PBXGroup;
			children = (
				5DCDB9A41A529BAC00F8339D /* App42StorageResponse.cpp */,
				5DCDB9A51A529BAC00F8339D /* App42StorageResponse.h */,
				5DCDB9A61A529BAC00F8339D /* Query.cpp */,
				5DCDB9A71A529BAC00F8339D /* Query.h */,
				5DCDB9A81A529BAC00F8339D /* QueryBuilder.cpp */,
				5DCDB9A91A529BAC00F8339D /* QueryBuilder.h */,
				5DCDB9AA1A529BAC00F8339D /* StorageService.cpp */,
				5DCDB9AB1A529BAC00F8339D /* StorageService.h */,
			);
			path = StorageService;
			sourceTree = "<group>";
		};
		5DCDB9AC1A529BAC00F8339D /* TimerService */ = {
			isa = PBXGroup;
			children = (
				5DCDB9AD1A529BAC00F8339D /* App42TimerResponse.cpp */,
				5DCDB9AE1A529BAC00F8339D /* App42TimerResponse.h */,
				5DCDB9AF1A529BAC00F8339D /* TimerService.cpp */,
				5DCDB9B01A529BAC00F8339D /* TimerService.h */,
			);
			path = TimerService;
			sourceTree = "<group>";
		};
		5DCDB9B11A529BAC00F8339D /* UploadService */ = {
			isa = PBXGroup;
			children = (
				5DCDB9B21A529BAC00F8339D /* App42UploadResponse.cpp */,
				5DCDB9B31A529BAC00F8339D /* App42UploadResponse.h */,
				5DCDB9B41A529BAC00F8339D /* UploadService.cpp */,
				5DCDB9B51A529BAC00F8339D /* UploadService.h */,
			);
			path = UploadService;
			sourceTree = "<group>";
		};
		5DCDB9B61A529BAC00F8339D /* UserService */ = {
			isa = PBXGroup;
			children = (
				5DCDB9B71A529BAC00F8339D /* App42UserResponse.cpp */,
				5DCDB9B81A529BAC00F8339D /* App42UserResponse.h */,
				5DCDB9B91A529BAC00F8339D /* UserService.cpp */,
				5DCDB9BA1A529BAC00F8339D /* UserService.h */,
			);
			path = UserService;
			sourceTree = "<group>";
		};
		5DCDB9BB1A529BAC00F8339D /* Util */ = {
			isa = PBXGroup;
			children = (
				5DCDB9BC1A529BAC00F8339D /* BodyBuilder.h */,
				5DCDB9BD1A529BAC00F8339D /* Common.h */,
				5DCDB9BE1A529BAC00F8339D /* Connector.h */,
				5DCDB9BF1A529BAC00F8339D /* Exceptions.h */,
				5DCDB9C01A529BAC00F8339D /* Signing.h */,
			);
			path = Util;
			sourceTree = "<group>";
		};
		5DCDB9C11A529BAC00F8339D /* App42PushHelper */ = {
			isa = PBXGroup;
			children = (
				5DCDB9C21A529BAC00F8339D /* App42PushHelper.cpp */,
				5DCDB9C31A529BAC00F8339D /* App42PushHelper.h */,
			);
			name = App42PushHelper;
			path = ../App42PushHelper;
			sourceTree = "<group>";
		};
		5DCDB9C41A529BAC00F8339D /* Tests */ = {
			isa = PBXGroup;
			children = (
				5DCDB9D11A529BAC00F8339D /* TestPushNotificationService.cpp */,
				5DCDB9D21A529BAC00F8339D /* TestPushNotificationService.h */,
			);
			name = Tests;
			path = ../Tests;
			sourceTree = "<group>";
		};
/* End PBXGroup section */

/* Begin PBXNativeTarget section */
		1D6058900D05DD3D006BFB54 /* App42Cocos2dxSample iOS */ = {
			isa = PBXNativeTarget;
			buildConfigurationList = 1D6058960D05DD3E006BFB54 /* Build configuration list for PBXNativeTarget "App42Cocos2dxSample iOS" */;
			buildPhases = (
				1D60588D0D05DD3D006BFB54 /* Resources */,
				1D60588E0D05DD3D006BFB54 /* Sources */,
				1D60588F0D05DD3D006BFB54 /* Frameworks */,
			);
			buildRules = (
			);
			dependencies = (
				1AC6FB25180E99E1004C840B /* PBXTargetDependency */,
			);
			name = "App42Cocos2dxSample iOS";
			productName = iphone;
			productReference = 1D6058910D05DD3D006BFB54 /* App42Cocos2dxSample iOS.app */;
			productType = "com.apple.product-type.application";
		};
		5087E73D17EB910900C73F5D /* App42Cocos2dxSample Mac */ = {
			isa = PBXNativeTarget;
			buildConfigurationList = 5087E76C17EB910900C73F5D /* Build configuration list for PBXNativeTarget "App42Cocos2dxSample Mac" */;
			buildPhases = (
				5087E74817EB910900C73F5D /* Resources */,
				5087E75617EB910900C73F5D /* Sources */,
				5087E75C17EB910900C73F5D /* Frameworks */,
			);
			buildRules = (
			);
			dependencies = (
				1AC6FB16180E9959004C840B /* PBXTargetDependency */,
			);
			name = "App42Cocos2dxSample Mac";
			productName = iphone;
			productReference = 5087E76F17EB910900C73F5D /* App42Cocos2dxSample Mac.app */;
			productType = "com.apple.product-type.application";
		};
/* End PBXNativeTarget section */

/* Begin PBXProject section */
		29B97313FDCFA39411CA2CEA /* Project object */ = {
			isa = PBXProject;
			attributes = {
				LastUpgradeCheck = 0500;
				TargetAttributes = {
					1D6058900D05DD3D006BFB54 = {
						DevelopmentTeam = 93TF9ZT92J;
					};
				};
			};
			buildConfigurationList = C01FCF4E08A954540054247B /* Build configuration list for PBXProject "App42Cocos2dxSample" */;
			compatibilityVersion = "Xcode 3.2";
			developmentRegion = English;
			hasScannedForEncodings = 1;
			knownRegions = (
				English,
				Japanese,
				French,
				German,
			);
			mainGroup = 29B97314FDCFA39411CA2CEA /* CustomTemplate */;
			projectDirPath = "";
			projectReferences = (
				{
					ProductGroup = 1AC6FAE6180E9839004C840B /* Products */;
					ProjectRef = 1AC6FAE5180E9839004C840B /* cocos2d_libs.xcodeproj */;
				},
			);
			projectRoot = "";
			targets = (
				1D6058900D05DD3D006BFB54 /* App42Cocos2dxSample iOS */,
				5087E73D17EB910900C73F5D /* App42Cocos2dxSample Mac */,
			);
		};
/* End PBXProject section */

/* Begin PBXReferenceProxy section */
		1AC6FAF9180E9839004C840B /* libcocos2d Mac.a */ = {
			isa = PBXReferenceProxy;
			fileType = archive.ar;
			path = "libcocos2d Mac.a";
			remoteRef = 1AC6FAF8180E9839004C840B /* PBXContainerItemProxy */;
			sourceTree = BUILT_PRODUCTS_DIR;
		};
		1AC6FB07180E9839004C840B /* libcocos2d iOS.a */ = {
			isa = PBXReferenceProxy;
			fileType = archive.ar;
			path = "libcocos2d iOS.a";
			remoteRef = 1AC6FB06180E9839004C840B /* PBXContainerItemProxy */;
			sourceTree = BUILT_PRODUCTS_DIR;
		};
/* End PBXReferenceProxy section */

/* Begin PBXResourcesBuildPhase section */
		1D60588D0D05DD3D006BFB54 /* Resources */ = {
			isa = PBXResourcesBuildPhase;
			buildActionMask = 2147483647;
			files = (
				5087E78117EB970100C73F5D /* Icon-120.png in Resources */,
				5087E78617EB970100C73F5D /* Icon-76.png in Resources */,
				5087E77F17EB970100C73F5D /* Default@2x.png in Resources */,
				50EF629917ECD46A001EB2F8 /* Icon-100.png in Resources */,
				5087E78317EB970100C73F5D /* Icon-152.png in Resources */,
				46880B8119C43A67006E1F66 /* HelloWorld.png in Resources */,
				46880B7D19C43A67006E1F66 /* CloseSelected.png in Resources */,
				5087E77D17EB970100C73F5D /* Default-568h@2x.png in Resources */,
				5087E78517EB970100C73F5D /* Icon-72.png in Resources */,
				521A8E6519F0C34300D177D7 /* Default-736h@3x.png in Resources */,
				521A8EA919F11F5000D177D7 /* fonts in Resources */,
				50EF62A317ECD613001EB2F8 /* Icon-50.png in Resources */,
				5087E78017EB970100C73F5D /* Icon-114.png in Resources */,
				50EF62A217ECD613001EB2F8 /* Icon-29.png in Resources */,
				50EF629617ECD46A001EB2F8 /* Icon-40.png in Resources */,
				5087E78217EB970100C73F5D /* Icon-144.png in Resources */,
				3EACC98F19EE6D4300EB3C5E /* res in Resources */,
				50EF629817ECD46A001EB2F8 /* Icon-80.png in Resources */,
				5087E78417EB970100C73F5D /* Icon-57.png in Resources */,
				5087E77E17EB970100C73F5D /* Default.png in Resources */,
				521A8E6419F0C34300D177D7 /* Default-667h@2x.png in Resources */,
				46880B7B19C43A67006E1F66 /* CloseNormal.png in Resources */,
				50EF629717ECD46A001EB2F8 /* Icon-58.png in Resources */,
			);
			runOnlyForDeploymentPostprocessing = 0;
		};
		5087E74817EB910900C73F5D /* Resources */ = {
			isa = PBXResourcesBuildPhase;
			buildActionMask = 2147483647;
			files = (
				46880B8219C43A67006E1F66 /* HelloWorld.png in Resources */,
				503AE0F817EB97AB00D1A890 /* Icon.icns in Resources */,
				3EACC99019EE6D4300EB3C5E /* res in Resources */,
				521A8EAA19F11F5000D177D7 /* fonts in Resources */,
				46880B7C19C43A67006E1F66 /* CloseNormal.png in Resources */,
				46880B7E19C43A67006E1F66 /* CloseSelected.png in Resources */,
			);
			runOnlyForDeploymentPostprocessing = 0;
		};
/* End PBXResourcesBuildPhase section */

/* Begin PBXSourcesBuildPhase section */
		1D60588E0D05DD3D006BFB54 /* Sources */ = {
			isa = PBXSourcesBuildPhase;
			buildActionMask = 2147483647;
			files = (
				5DCDBA131A529BAD00F8339D /* App42UserResponse.cpp in Sources */,
				5DCDBA0C1A529BAD00F8339D /* Query.cpp in Sources */,
				5DCDBA041A529BAD00F8339D /* SessionService.cpp in Sources */,
				5DCDB9F71A529BAD00F8339D /* CustomCodeService.cpp in Sources */,
				5DCDB9F81A529BAD00F8339D /* App42EmailResponse.cpp in Sources */,
				5DCDBA021A529BAD00F8339D /* PushNotificationService.cpp in Sources */,
				5DCDBA001A529BAD00F8339D /* ScoreService.cpp in Sources */,
				5DCDBA1C1A529BAD00F8339D /* TestPushNotificationService.cpp in Sources */,
				5DCDB9FC1A529BAD00F8339D /* App42Score.cpp in Sources */,
				5DCDB9F51A529BAD00F8339D /* urlencode.cpp in Sources */,
				5DCDBA061A529BAD00F8339D /* App42Friend.cpp in Sources */,
				5DCDB9FD1A529BAD00F8339D /* GameService.cpp in Sources */,
				5DCDB9F31A529BAD00F8339D /* HMAC_SHA1.cpp in Sources */,
				5DCDB9FF1A529BAD00F8339D /* ScoreBoardService.cpp in Sources */,
				5DCDB9E51A529BAD00F8339D /* AvatarService.cpp in Sources */,
				46880B8819C43A87006E1F66 /* AppDelegate.cpp in Sources */,
				5DCDBA151A529BAD00F8339D /* App42PushHelper.cpp in Sources */,
				5DCDBA011A529BAD00F8339D /* App42PushNotificationResponse.cpp in Sources */,
				503AE10017EB989F00D1A890 /* AppController.mm in Sources */,
				503AE10217EB989F00D1A890 /* RootViewController.mm in Sources */,
				5DCDB9F91A529BAD00F8339D /* EmailService.cpp in Sources */,
				5DCDBA101A529BAD00F8339D /* TimerService.cpp in Sources */,
				5DCDBA0F1A529BAD00F8339D /* App42TimerResponse.cpp in Sources */,
				5DCDB9FA1A529BAD00F8339D /* App42GameResponse.cpp in Sources */,
				5DCDB9F41A529BAD00F8339D /* SHA1.cpp in Sources */,
				5DCDBA301A529C2B00F8339D /* AppController+App42PushExt.mm in Sources */,
				5DCDBA141A529BAD00F8339D /* UserService.cpp in Sources */,
				5DCDB9FE1A529BAD00F8339D /* RewardService.cpp in Sources */,
				5DCDBA121A529BAD00F8339D /* UploadService.cpp in Sources */,
				503AE10117EB989F00D1A890 /* main.m in Sources */,
				5DCDB9F01A529BAD00F8339D /* JSONDocument.cpp in Sources */,
				5DCDB9E41A529BAD00F8339D /* App42AvatarResponse.cpp in Sources */,
				5DCDB9F21A529BAD00F8339D /* app42base64.cpp in Sources */,
				5DCDBA0B1A529BAD00F8339D /* App42StorageResponse.cpp in Sources */,
				5DCDBA031A529BAD00F8339D /* App42SessionResponse.cpp in Sources */,
				5DCDB9E81A529BAD00F8339D /* cJSON.cpp in Sources */,
				5DCDB9EA1A529BAD00F8339D /* App42API.cpp in Sources */,
				5DCDB9E61A529BAD00F8339D /* App42BuddyResponse.cpp in Sources */,
				5DCDBA111A529BAD00F8339D /* App42UploadResponse.cpp in Sources */,
				5DCDBA091A529BAD00F8339D /* App42SocialResponse.cpp in Sources */,
				5DCDBA2F1A529C2B00F8339D /* App42Bridge.mm in Sources */,
				5DCDB9F11A529BAD00F8339D /* MetaResponse.cpp in Sources */,
				5DCDB9E71A529BAD00F8339D /* BuddyService.cpp in Sources */,
				5DCDB9411A529B6500F8339D /* ResponseScene.cpp in Sources */,
				5DCDBA0E1A529BAD00F8339D /* StorageService.cpp in Sources */,
				5DCDBA071A529BAD00F8339D /* App42PublicProfile.cpp in Sources */,
				5DCDB9ED1A529BAD00F8339D /* App42Object.cpp in Sources */,
				5DCDB9E91A529BAD00F8339D /* ACL.cpp in Sources */,
				5DCDBA051A529BAD00F8339D /* App42FacebookProfile.cpp in Sources */,
				5DCDB9F61A529BAD00F8339D /* App42CustomCodeResponse.cpp in Sources */,
				5DCDBA0A1A529BAD00F8339D /* SocialService.cpp in Sources */,
				5DCDB9E31A529BAD00F8339D /* App42HttpClient.cpp in Sources */,
				5DCDBA0D1A529BAD00F8339D /* QueryBuilder.cpp in Sources */,
				5DCDBA081A529BAD00F8339D /* App42Social.cpp in Sources */,
				5DCDB9EF1A529BAD00F8339D /* App42Service.cpp in Sources */,
				5DCDB9EC1A529BAD00F8339D /* App42GeoPoint.cpp in Sources */,
				5DCDB9FB1A529BAD00F8339D /* App42RewardResponse.cpp in Sources */,
				5DCDB9EE1A529BAD00F8339D /* App42Response.cpp in Sources */,
				5DCDB9EB1A529BAD00F8339D /* App42Exception.cpp in Sources */,
			);
			runOnlyForDeploymentPostprocessing = 0;
		};
		5087E75617EB910900C73F5D /* Sources */ = {
			isa = PBXSourcesBuildPhase;
			buildActionMask = 2147483647;
			files = (
				46880B8919C43A87006E1F66 /* AppDelegate.cpp in Sources */,
				503AE10517EB98FF00D1A890 /* main.cpp in Sources */,
			);
			runOnlyForDeploymentPostprocessing = 0;
		};
/* End PBXSourcesBuildPhase section */

/* Begin PBXTargetDependency section */
		1AC6FB16180E9959004C840B /* PBXTargetDependency */ = {
			isa = PBXTargetDependency;
			name = "cocos2dx Mac";
			targetProxy = 1AC6FB15180E9959004C840B /* PBXContainerItemProxy */;
		};
		1AC6FB25180E99E1004C840B /* PBXTargetDependency */ = {
			isa = PBXTargetDependency;
			name = "cocos2dx iOS";
			targetProxy = 1AC6FB24180E99E1004C840B /* PBXContainerItemProxy */;
		};
/* End PBXTargetDependency section */

/* Begin XCBuildConfiguration section */
		1D6058940D05DD3E006BFB54 /* Debug */ = {
			isa = XCBuildConfiguration;
			buildSettings = {
				ALWAYS_SEARCH_USER_PATHS = YES;
				CODE_SIGN_IDENTITY = "";
				COMPRESS_PNG_FILES = NO;
				GCC_DYNAMIC_NO_PIC = NO;
				GCC_INLINES_ARE_PRIVATE_EXTERN = NO;
				GCC_PRECOMPILE_PREFIX_HEADER = YES;
				GCC_PREFIX_HEADER = ios/Prefix.pch;
				GCC_PREPROCESSOR_DEFINITIONS = (
					USE_FILE32API,
					CC_TARGET_OS_IPHONE,
					"COCOS2D_DEBUG=1",
					"CC_ENABLE_CHIPMUNK_INTEGRATION=1",
				);
				GCC_SYMBOLS_PRIVATE_EXTERN = NO;
				HEADER_SEARCH_PATHS = (
					"$(inherited)",
					"$(SRCROOT)/../cocos2d/cocos/platform/ios",
					"$(SRCROOT)/../cocos2d/cocos/platform/ios/Simulation",
				);
				INFOPLIST_FILE = ios/Info.plist;
				IPHONEOS_DEPLOYMENT_TARGET = 5.0;
				LIBRARY_SEARCH_PATHS = "";
				PROVISIONING_PROFILE = "17a14be5-ae9c-4c77-8846-04d89a8741c1";
				SDKROOT = iphoneos;
				TARGETED_DEVICE_FAMILY = "1,2";
				USER_HEADER_SEARCH_PATHS = "";
				VALID_ARCHS = "arm64 armv7";
			};
			name = Debug;
		};
		1D6058950D05DD3E006BFB54 /* Release */ = {
			isa = XCBuildConfiguration;
			buildSettings = {
				ALWAYS_SEARCH_USER_PATHS = YES;
				CODE_SIGN_IDENTITY = "";
				COMPRESS_PNG_FILES = NO;
				GCC_INLINES_ARE_PRIVATE_EXTERN = NO;
				GCC_PRECOMPILE_PREFIX_HEADER = YES;
				GCC_PREFIX_HEADER = ios/Prefix.pch;
				GCC_PREPROCESSOR_DEFINITIONS = (
					USE_FILE32API,
					CC_TARGET_OS_IPHONE,
					"CC_ENABLE_CHIPMUNK_INTEGRATION=1",
				);
				GCC_SYMBOLS_PRIVATE_EXTERN = NO;
				HEADER_SEARCH_PATHS = (
					"$(inherited)",
					"$(SRCROOT)/../cocos2d/cocos/platform/ios",
					"$(SRCROOT)/../cocos2d/cocos/platform/ios/Simulation",
				);
				INFOPLIST_FILE = ios/Info.plist;
				IPHONEOS_DEPLOYMENT_TARGET = 5.0;
				LIBRARY_SEARCH_PATHS = "";
				PROVISIONING_PROFILE = "17a14be5-ae9c-4c77-8846-04d89a8741c1";
				SDKROOT = iphoneos;
				TARGETED_DEVICE_FAMILY = "1,2";
				USER_HEADER_SEARCH_PATHS = "";
				VALID_ARCHS = "arm64 armv7";
			};
			name = Release;
		};
		5087E76D17EB910900C73F5D /* Debug */ = {
			isa = XCBuildConfiguration;
			buildSettings = {
				ALWAYS_SEARCH_USER_PATHS = YES;
				ARCHS = "$(ARCHS_STANDARD_64_BIT)";
				CLANG_CXX_LANGUAGE_STANDARD = "c++0x";
				CLANG_CXX_LIBRARY = "libc++";
				GCC_DYNAMIC_NO_PIC = NO;
				GCC_INLINES_ARE_PRIVATE_EXTERN = NO;
				GCC_PRECOMPILE_PREFIX_HEADER = YES;
				GCC_PREFIX_HEADER = mac/Prefix.pch;
				GCC_PREPROCESSOR_DEFINITIONS = (
					USE_FILE32API,
					CC_TARGET_OS_MAC,
					"COCOS2D_DEBUG=1",
					"CC_ENABLE_CHIPMUNK_INTEGRATION=1",
				);
				GCC_SYMBOLS_PRIVATE_EXTERN = NO;
				HEADER_SEARCH_PATHS = (
					"$(inherited)",
					"$(SRCROOT)/../cocos2d/cocos/platform/mac",
					"$(SRCROOT)/../cocos2d/external/glfw3/include/mac",
				);
				INFOPLIST_FILE = mac/Info.plist;
				LIBRARY_SEARCH_PATHS = "";
				USER_HEADER_SEARCH_PATHS = "";
			};
			name = Debug;
		};
		5087E76E17EB910900C73F5D /* Release */ = {
			isa = XCBuildConfiguration;
			buildSettings = {
				ALWAYS_SEARCH_USER_PATHS = YES;
				ARCHS = "$(ARCHS_STANDARD_64_BIT)";
				CLANG_CXX_LANGUAGE_STANDARD = "c++0x";
				CLANG_CXX_LIBRARY = "libc++";
				GCC_INLINES_ARE_PRIVATE_EXTERN = NO;
				GCC_PRECOMPILE_PREFIX_HEADER = YES;
				GCC_PREFIX_HEADER = mac/Prefix.pch;
				GCC_PREPROCESSOR_DEFINITIONS = (
					USE_FILE32API,
					CC_TARGET_OS_MAC,
					"CC_ENABLE_CHIPMUNK_INTEGRATION=1",
				);
				GCC_SYMBOLS_PRIVATE_EXTERN = NO;
				HEADER_SEARCH_PATHS = (
					"$(inherited)",
					"$(SRCROOT)/../cocos2d/cocos/platform/mac",
					"$(SRCROOT)/../cocos2d/external/glfw3/include/mac",
				);
				INFOPLIST_FILE = mac/Info.plist;
				LIBRARY_SEARCH_PATHS = "";
				USER_HEADER_SEARCH_PATHS = "";
			};
			name = Release;
		};
		C01FCF4F08A954540054247B /* Debug */ = {
			isa = XCBuildConfiguration;
			buildSettings = {
				CLANG_CXX_LANGUAGE_STANDARD = "c++0x";
				CLANG_CXX_LIBRARY = "libc++";
				COPY_PHASE_STRIP = NO;
				GCC_OPTIMIZATION_LEVEL = 0;
				GCC_WARN_ABOUT_RETURN_TYPE = YES;
				GCC_WARN_UNUSED_VARIABLE = YES;
				HEADER_SEARCH_PATHS = (
					"$(SRCROOT)/../cocos2d",
					"$(SRCROOT)/../cocos2d/cocos",
					"$(SRCROOT)/../cocos2d/cocos/base",
					"$(SRCROOT)/../cocos2d/cocos/physics",
					"$(SRCROOT)/../cocos2d/cocos/math",
					"$(SRCROOT)/../cocos2d/cocos/2d",
					"$(SRCROOT)/../cocos2d/cocos/ui",
					"$(SRCROOT)/../cocos2d/cocos/network",
					"$(SRCROOT)/../cocos2d/cocos/audio/include",
					"$(SRCROOT)/../cocos2d/cocos/editor-support",
					"$(SRCROOT)/../cocos2d/extensions",
					"$(SRCROOT)/../cocos2d/external",
					"$(SRCROOT)/../cocos2d/external/chipmunk/include/chipmunk",
					"$(SRCROOT)/../cocos2d/external/curl/include/ios",
				);
				MACOSX_DEPLOYMENT_TARGET = 10.7;
				ONLY_ACTIVE_ARCH = YES;
				PRODUCT_NAME = "$(TARGET_NAME)";
				PROVISIONING_PROFILE = "17a14be5-ae9c-4c77-8846-04d89a8741c1";
				SDKROOT = macosx;
			};
			name = Debug;
		};
		C01FCF5008A954540054247B /* Release */ = {
			isa = XCBuildConfiguration;
			buildSettings = {
				CLANG_CXX_LANGUAGE_STANDARD = "c++0x";
				CLANG_CXX_LIBRARY = "libc++";
				GCC_WARN_ABOUT_RETURN_TYPE = YES;
				GCC_WARN_UNUSED_VARIABLE = YES;
				HEADER_SEARCH_PATHS = (
					"$(SRCROOT)/../cocos2d",
					"$(SRCROOT)/../cocos2d/cocos",
					"$(SRCROOT)/../cocos2d/cocos/base",
					"$(SRCROOT)/../cocos2d/cocos/physics",
					"$(SRCROOT)/../cocos2d/cocos/math",
					"$(SRCROOT)/../cocos2d/cocos/2d",
					"$(SRCROOT)/../cocos2d/cocos/ui",
					"$(SRCROOT)/../cocos2d/cocos/network",
					"$(SRCROOT)/../cocos2d/cocos/audio/include",
					"$(SRCROOT)/../cocos2d/cocos/editor-support",
					"$(SRCROOT)/../cocos2d/extensions",
					"$(SRCROOT)/../cocos2d/external",
					"$(SRCROOT)/../cocos2d/external/chipmunk/include/chipmunk",
					"$(SRCROOT)/../cocos2d/external/curl/include/ios",
				);
				MACOSX_DEPLOYMENT_TARGET = 10.7;
				OTHER_CFLAGS = "-DNS_BLOCK_ASSERTIONS=1";
				PRODUCT_NAME = "$(TARGET_NAME)";
				PROVISIONING_PROFILE = "17a14be5-ae9c-4c77-8846-04d89a8741c1";
				SDKROOT = macosx;
				VALIDATE_PRODUCT = YES;
			};
			name = Release;
		};
/* End XCBuildConfiguration section */

/* Begin XCConfigurationList section */
		1D6058960D05DD3E006BFB54 /* Build configuration list for PBXNativeTarget "App42Cocos2dxSample iOS" */ = {
			isa = XCConfigurationList;
			buildConfigurations = (
				1D6058940D05DD3E006BFB54 /* Debug */,
				1D6058950D05DD3E006BFB54 /* Release */,
			);
			defaultConfigurationIsVisible = 0;
			defaultConfigurationName = Debug;
		};
		5087E76C17EB910900C73F5D /* Build configuration list for PBXNativeTarget "App42Cocos2dxSample Mac" */ = {
			isa = XCConfigurationList;
			buildConfigurations = (
				5087E76D17EB910900C73F5D /* Debug */,
				5087E76E17EB910900C73F5D /* Release */,
			);
			defaultConfigurationIsVisible = 0;
			defaultConfigurationName = Debug;
		};
		C01FCF4E08A954540054247B /* Build configuration list for PBXProject "App42Cocos2dxSample" */ = {
			isa = XCConfigurationList;
			buildConfigurations = (
				C01FCF4F08A954540054247B /* Debug */,
				C01FCF5008A954540054247B /* Release */,
			);
			defaultConfigurationIsVisible = 0;
			defaultConfigurationName = Debug;
		};
/* End XCConfigurationList section */
	};
	rootObject = 29B97313FDCFA39411CA2CEA /* Project object */;
}
